<?xml version="1.0" encoding="utf-8"?>
<Project ToolsVersion="4.0" xmlns="http://schemas.microsoft.com/developer/msbuild/2003">
  <ItemGroup>
    <ClCompile Include="module_editor.cpp" />
    <ClCompile Include="renderer\renderer.cpp">
      <Filter>renderer</Filter>
    </ClCompile>
    <ClCompile Include="renderer\loader\volk.c">
      <Filter>renderer\loader</Filter>
    </ClCompile>
    <ClCompile Include="engine\engine.cpp">
      <Filter>engine</Filter>
    </ClCompile>
    <ClCompile Include="engine\engine_interface.cpp">
      <Filter>engine</Filter>
    </ClCompile>
    <ClCompile Include="renderer\render_pass.cpp">
      <Filter>renderer</Filter>
    </ClCompile>
    <ClCompile Include="renderer\pipeline.cpp">
      <Filter>renderer</Filter>
    </ClCompile>
    <ClCompile Include="renderer\shader.cpp">
      <Filter>renderer</Filter>
    </ClCompile>
    <ClCompile Include="renderer\descriptor_pool.cpp">
      <Filter>renderer</Filter>
    </ClCompile>
    <ClCompile Include="windows\level_outline.cpp">
      <Filter>windows</Filter>
    </ClCompile>
    <ClCompile Include="windows\debug_window.cpp">
      <Filter>windows</Filter>
    </ClCompile>
    <ClCompile Include="windows\level_viewport.cpp">
      <Filter>windows</Filter>
    </ClCompile>
    <ClCompile Include="windows\log_window.cpp">
      <Filter>windows</Filter>
    </ClCompile>
    <ClCompile Include="context\context.cpp">
      <Filter>context</Filter>
    </ClCompile>
    <ClCompile Include="ui\editor_ui.cpp">
      <Filter>ui</Filter>
    </ClCompile>
    <ClCompile Include="project\project_file.cpp">
      <Filter>project</Filter>
    </ClCompile>
    <ClCompile Include="windows\level_chooser.cpp">
      <Filter>windows</Filter>
    </ClCompile>
    <ClCompile Include="windows\actor_properties.cpp">
      <Filter>windows</Filter>
    </ClCompile>
    <ClCompile Include="windows\dockspace.cpp">
      <Filter>windows</Filter>
    </ClCompile>
    <ClCompile Include="windows\about_window.cpp">
      <Filter>windows</Filter>
    </ClCompile>
  </ItemGroup>
  <ItemGroup>
    <Filter Include="renderer">
      <UniqueIdentifier>{e68f54fb-b358-45d7-b90f-e7ac275d0d25}</UniqueIdentifier>
    </Filter>
    <Filter Include="renderer\loader">
      <UniqueIdentifier>{d3e5554d-3a0c-4563-9496-da966b07bf38}</UniqueIdentifier>
    </Filter>
    <Filter Include="engine">
      <UniqueIdentifier>{852cca08-93de-4d07-a273-61d81a851c94}</UniqueIdentifier>
    </Filter>
    <Filter Include="project">
      <UniqueIdentifier>{1c71d643-4850-4089-b2c6-391f77a98a57}</UniqueIdentifier>
    </Filter>
    <Filter Include="context">
      <UniqueIdentifier>{d0fb35b4-8511-4fb2-9044-e31a329d476c}</UniqueIdentifier>
    </Filter>
    <Filter Include="windows">
      <UniqueIdentifier>{eef057de-2987-4724-8157-e1d8b21f338c}</UniqueIdentifier>
    </Filter>
    <Filter Include="ui">
      <UniqueIdentifier>{83ab4d4c-02c7-4e31-8c15-558bb88ada0e}</UniqueIdentifier>
    </Filter>
  </ItemGroup>
  <ItemGroup>
    <ClInclude Include="renderer\renderer.hpp">
      <Filter>renderer</Filter>
    </ClInclude>
    <ClInclude Include="renderer\loader\volk.h">
      <Filter>renderer\loader</Filter>
    </ClInclude>
    <ClInclude Include="engine\engine.hpp">
      <Filter>engine</Filter>
    </ClInclude>
    <ClInclude Include="engine\engine_interface.hpp">
      <Filter>engine</Filter>
    </ClInclude>
    <ClInclude Include="renderer\pipeline.hpp">
      <Filter>renderer</Filter>
    </ClInclude>
    <ClInclude Include="renderer\shader.hpp">
      <Filter>renderer</Filter>
    </ClInclude>
    <ClInclude Include="renderer\descriptor_pool.hpp">
      <Filter>renderer</Filter>
    </ClInclude>
    <ClInclude Include="context\context.hpp">
      <Filter>context</Filter>
    </ClInclude>
    <ClInclude Include="ui\editor_ui.hpp">
      <Filter>ui</Filter>
    </ClInclude>
    <ClInclude Include="windows\debug_window.hpp">
      <Filter>windows</Filter>
    </ClInclude>
    <ClInclude Include="windows\level_viewport.hpp">
      <Filter>windows</Filter>
    </ClInclude>
    <ClInclude Include="windows\level_outline.hpp">
      <Filter>windows</Filter>
    </ClInclude>
    <ClInclude Include="windows\log_window.hpp">
      <Filter>windows</Filter>
    </ClInclude>
    <ClInclude Include="project\project_file.hpp">
      <Filter>project</Filter>
    </ClInclude>
    <ClInclude Include="engine\editor_cmd.hpp">
      <Filter>engine</Filter>
    </ClInclude>
    <ClInclude Include="windows\level_chooser.hpp">
      <Filter>windows</Filter>
    </ClInclude>
    <ClInclude Include="windows\about_window.hpp">
      <Filter>windows</Filter>
    </ClInclude>
    <ClInclude Include="windows\actor_properties.hpp">
      <Filter>windows</Filter>
    </ClInclude>
    <ClInclude Include="windows\dockspace.hpp">
      <Filter>windows</Filter>
    </ClInclude>
  </ItemGroup>
  <ItemGroup>
    <None Include="renderer\render_pass.hpp">
      <Filter>renderer</Filter>
    </None>
  </ItemGroup>
</Project>