<?xml version="1.0" encoding="utf-8"?>
<Project ToolsVersion="4.0" xmlns="http://schemas.microsoft.com/developer/msbuild/2003">
  <ItemGroup>
    <ClCompile Include="VulkanRenderer.cpp" />
    <ClCompile Include="pch.cpp" />
    <ClCompile Include="entry_point.cpp" />
    <ClCompile Include="utils\utils.cpp">
      <Filter>utils</Filter>
    </ClCompile>
    <ClCompile Include="classes\RendererPipeline.cpp">
      <Filter>classes</Filter>
    </ClCompile>
    <ClCompile Include="classes\shaders\ShaderModule.cpp">
      <Filter>classes\shaders</Filter>
    </ClCompile>
  </ItemGroup>
  <ItemGroup>
    <ClInclude Include="pch.hpp" />
    <ClInclude Include="VulkanRenderer.hpp" />
    <ClInclude Include="utils\utils.hpp">
      <Filter>utils</Filter>
    </ClInclude>
    <ClInclude Include="classes\RendererPipeline.hpp">
      <Filter>classes</Filter>
    </ClInclude>
  </ItemGroup>
  <ItemGroup>
    <Filter Include="utils">
      <UniqueIdentifier>{2fa09979-6cf8-4787-8413-f6988c5982b0}</UniqueIdentifier>
    </Filter>
    <Filter Include="classes">
      <UniqueIdentifier>{acf4e5b6-8819-4f64-abed-e48811b2be18}</UniqueIdentifier>
    </Filter>
    <Filter Include="classes\shaders">
      <UniqueIdentifier>{f6e0731e-71be-4311-b600-c64db91b28ec}</UniqueIdentifier>
    </Filter>
  </ItemGroup>
  <ItemGroup>
    <None Include="classes\shaders\ShaderModule.hpp">
      <Filter>classes\shaders</Filter>
    </None>
  </ItemGroup>
</Project>