<?xml version="1.0" encoding="utf-8"?>
<Project ToolsVersion="4.0" xmlns="http://schemas.microsoft.com/developer/msbuild/2003">
  <ItemGroup>
    <Filter Include="windows">
      <UniqueIdentifier>{9562088d-3639-4b6c-87e3-e49e6b449f46}</UniqueIdentifier>
    </Filter>
  </ItemGroup>
  <ItemGroup>
    <ClCompile Include="windows\windows_launcher.cpp">
      <Filter>windows</Filter>
    </ClCompile>
    <ClCompile Include="launcher.cpp" />
    <ClCompile Include="engine_loop.cpp" />
    <ClCompile Include="unity_build.cpp" />
  </ItemGroup>
  <ItemGroup>
    <ClInclude Include="engine_loop.hpp" />
  </ItemGroup>
</Project>