
Microsoft Visual Studio Solution File, Format Version 12.00
# Visual Studio Version 16
VisualStudioVersion = 16.0.28729.10
MinimumVisualStudioVersion = 10.0.40219.1
Project("{8BC9CEB8-8B4A-11D0-8D11-00A0C91BC942}") = "core", "src\engine\core\core.vcxproj", "{7FCC5351-334C-4C2C-8742-430179A78F1E}"
EndProject
Project("{2150E333-8FDC-42A3-9474-1A3956D46DE8}") = "engine", "engine", "{02955C53-9B32-4DE7-8A1F-E4DDA14F0000}"
EndProject
Project("{2150E333-8FDC-42A3-9474-1A3956D46DE8}") = "game", "game", "{803A3191-EB0A-4CA3-8779-5A549B50FDE8}"
EndProject
Project("{2150E333-8FDC-42A3-9474-1A3956D46DE8}") = "tools", "tools", "{609DEDBC-ED85-4A74-A713-3561FACCBC03}"
EndProject
Project("{FAE04EC0-301F-11D3-BF4B-00C04F79EFBC}") = "radium", "src\tools\radium\radium.csproj", "{B79DC936-4E39-4C7C-8AE6-EA7A384D7B4B}"
EndProject
Project("{8BC9CEB8-8B4A-11D0-8D11-00A0C91BC942}") = "launcher", "src\engine\launcher\launcher.vcxproj", "{560A1A22-CF8E-4296-BA2C-24F97F248346}"
EndProject
Project("{8BC9CEB8-8B4A-11D0-8D11-00A0C91BC942}") = "app_framework", "src\engine\app_framework\app_framework.vcxproj", "{F99E30D6-97D5-4A03-853D-C680398EBD04}"
EndProject
Project("{8BC9CEB8-8B4A-11D0-8D11-00A0C91BC942}") = "engine", "src\engine\engine\engine.vcxproj", "{02F99804-513E-4CB5-B88F-5CD54D47F69C}"
EndProject
Project("{8BC9CEB8-8B4A-11D0-8D11-00A0C91BC942}") = "renderer_core", "src\engine\renderer_core\renderer_core.vcxproj", "{2892F6A5-7588-4CA9-A2C9-249D45CDD167}"
EndProject
Project("{8BC9CEB8-8B4A-11D0-8D11-00A0C91BC942}") = "renderer_null", "src\engine\renderer_null\renderer_null.vcxproj", "{5AEA3503-0A4F-423A-8301-A450AB86C885}"
EndProject
Project("{8BC9CEB8-8B4A-11D0-8D11-00A0C91BC942}") = "kernel", "src\engine\kernel\kernel.vcxproj", "{EDB1496F-C825-471D-B80E-2C46C1B59400}"
EndProject
Project("{8BC9CEB8-8B4A-11D0-8D11-00A0C91BC942}") = "renderer_vk", "src\engine\renderer_vk\renderer_vk.vcxproj", "{20E7B67D-BB23-415B-929D-BD6525C74999}"
EndProject
Project("{8BC9CEB8-8B4A-11D0-8D11-00A0C91BC942}") = "renderer_dx12", "src\engine\renderer_dx12\renderer_dx12.vcxproj", "{57ED2A1F-3918-4552-B774-107338584F89}"
EndProject
Global
	GlobalSection(SolutionConfigurationPlatforms) = preSolution
		Debug|x64 = Debug|x64
		Development|x64 = Development|x64
		Release|x64 = Release|x64
	EndGlobalSection
	GlobalSection(ProjectConfigurationPlatforms) = postSolution
		{7FCC5351-334C-4C2C-8742-430179A78F1E}.Debug|x64.ActiveCfg = Debug|x64
		{7FCC5351-334C-4C2C-8742-430179A78F1E}.Debug|x64.Build.0 = Debug|x64
		{7FCC5351-334C-4C2C-8742-430179A78F1E}.Development|x64.ActiveCfg = Development|x64
		{7FCC5351-334C-4C2C-8742-430179A78F1E}.Development|x64.Build.0 = Development|x64
		{7FCC5351-334C-4C2C-8742-430179A78F1E}.Release|x64.ActiveCfg = Release|x64
		{7FCC5351-334C-4C2C-8742-430179A78F1E}.Release|x64.Build.0 = Release|x64
		{B79DC936-4E39-4C7C-8AE6-EA7A384D7B4B}.Debug|x64.ActiveCfg = Debug|Any CPU
		{B79DC936-4E39-4C7C-8AE6-EA7A384D7B4B}.Debug|x64.Build.0 = Debug|Any CPU
		{B79DC936-4E39-4C7C-8AE6-EA7A384D7B4B}.Development|x64.ActiveCfg = Debug|Any CPU
		{B79DC936-4E39-4C7C-8AE6-EA7A384D7B4B}.Development|x64.Build.0 = Debug|Any CPU
		{B79DC936-4E39-4C7C-8AE6-EA7A384D7B4B}.Release|x64.ActiveCfg = Release|Any CPU
		{B79DC936-4E39-4C7C-8AE6-EA7A384D7B4B}.Release|x64.Build.0 = Release|Any CPU
		{560A1A22-CF8E-4296-BA2C-24F97F248346}.Debug|x64.ActiveCfg = Debug|x64
		{560A1A22-CF8E-4296-BA2C-24F97F248346}.Debug|x64.Build.0 = Debug|x64
		{560A1A22-CF8E-4296-BA2C-24F97F248346}.Development|x64.ActiveCfg = Development|x64
		{560A1A22-CF8E-4296-BA2C-24F97F248346}.Development|x64.Build.0 = Development|x64
		{560A1A22-CF8E-4296-BA2C-24F97F248346}.Release|x64.ActiveCfg = Release|x64
		{560A1A22-CF8E-4296-BA2C-24F97F248346}.Release|x64.Build.0 = Release|x64
		{F99E30D6-97D5-4A03-853D-C680398EBD04}.Debug|x64.ActiveCfg = Debug|x64
		{F99E30D6-97D5-4A03-853D-C680398EBD04}.Debug|x64.Build.0 = Debug|x64
		{F99E30D6-97D5-4A03-853D-C680398EBD04}.Development|x64.ActiveCfg = Development|x64
		{F99E30D6-97D5-4A03-853D-C680398EBD04}.Development|x64.Build.0 = Development|x64
		{F99E30D6-97D5-4A03-853D-C680398EBD04}.Release|x64.ActiveCfg = Release|x64
		{F99E30D6-97D5-4A03-853D-C680398EBD04}.Release|x64.Build.0 = Release|x64
		{02F99804-513E-4CB5-B88F-5CD54D47F69C}.Debug|x64.ActiveCfg = Debug|x64
		{02F99804-513E-4CB5-B88F-5CD54D47F69C}.Debug|x64.Build.0 = Debug|x64
		{02F99804-513E-4CB5-B88F-5CD54D47F69C}.Development|x64.ActiveCfg = Development|x64
		{02F99804-513E-4CB5-B88F-5CD54D47F69C}.Development|x64.Build.0 = Development|x64
		{02F99804-513E-4CB5-B88F-5CD54D47F69C}.Release|x64.ActiveCfg = Release|x64
		{02F99804-513E-4CB5-B88F-5CD54D47F69C}.Release|x64.Build.0 = Release|x64
		{2892F6A5-7588-4CA9-A2C9-249D45CDD167}.Debug|x64.ActiveCfg = Debug|x64
		{2892F6A5-7588-4CA9-A2C9-249D45CDD167}.Debug|x64.Build.0 = Debug|x64
		{2892F6A5-7588-4CA9-A2C9-249D45CDD167}.Development|x64.ActiveCfg = Development|x64
		{2892F6A5-7588-4CA9-A2C9-249D45CDD167}.Development|x64.Build.0 = Development|x64
		{2892F6A5-7588-4CA9-A2C9-249D45CDD167}.Release|x64.ActiveCfg = Release|x64
		{2892F6A5-7588-4CA9-A2C9-249D45CDD167}.Release|x64.Build.0 = Release|x64
		{5AEA3503-0A4F-423A-8301-A450AB86C885}.Debug|x64.ActiveCfg = Debug|x64
		{5AEA3503-0A4F-423A-8301-A450AB86C885}.Debug|x64.Build.0 = Debug|x64
		{5AEA3503-0A4F-423A-8301-A450AB86C885}.Development|x64.ActiveCfg = Development|x64
		{5AEA3503-0A4F-423A-8301-A450AB86C885}.Development|x64.Build.0 = Development|x64
		{5AEA3503-0A4F-423A-8301-A450AB86C885}.Release|x64.ActiveCfg = Release|x64
		{5AEA3503-0A4F-423A-8301-A450AB86C885}.Release|x64.Build.0 = Release|x64
		{EDB1496F-C825-471D-B80E-2C46C1B59400}.Debug|x64.ActiveCfg = Debug|x64
		{EDB1496F-C825-471D-B80E-2C46C1B59400}.Debug|x64.Build.0 = Debug|x64
		{EDB1496F-C825-471D-B80E-2C46C1B59400}.Development|x64.ActiveCfg = Development|x64
		{EDB1496F-C825-471D-B80E-2C46C1B59400}.Development|x64.Build.0 = Development|x64
		{EDB1496F-C825-471D-B80E-2C46C1B59400}.Release|x64.ActiveCfg = Release|x64
		{EDB1496F-C825-471D-B80E-2C46C1B59400}.Release|x64.Build.0 = Release|x64
		{20E7B67D-BB23-415B-929D-BD6525C74999}.Debug|x64.ActiveCfg = Debug|x64
		{20E7B67D-BB23-415B-929D-BD6525C74999}.Debug|x64.Build.0 = Debug|x64
		{20E7B67D-BB23-415B-929D-BD6525C74999}.Development|x64.ActiveCfg = Development|x64
		{20E7B67D-BB23-415B-929D-BD6525C74999}.Development|x64.Build.0 = Development|x64
		{20E7B67D-BB23-415B-929D-BD6525C74999}.Release|x64.ActiveCfg = Release|x64
		{20E7B67D-BB23-415B-929D-BD6525C74999}.Release|x64.Build.0 = Release|x64
		{57ED2A1F-3918-4552-B774-107338584F89}.Debug|x64.ActiveCfg = Debug|x64
		{57ED2A1F-3918-4552-B774-107338584F89}.Debug|x64.Build.0 = Debug|x64
		{57ED2A1F-3918-4552-B774-107338584F89}.Development|x64.ActiveCfg = Development|x64
		{57ED2A1F-3918-4552-B774-107338584F89}.Development|x64.Build.0 = Development|x64
		{57ED2A1F-3918-4552-B774-107338584F89}.Release|x64.ActiveCfg = Release|x64
		{57ED2A1F-3918-4552-B774-107338584F89}.Release|x64.Build.0 = Release|x64
	EndGlobalSection
	GlobalSection(SolutionProperties) = preSolution
		HideSolutionNode = FALSE
	EndGlobalSection
	GlobalSection(NestedProjects) = preSolution
		{7FCC5351-334C-4C2C-8742-430179A78F1E} = {02955C53-9B32-4DE7-8A1F-E4DDA14F0000}
		{609DEDBC-ED85-4A74-A713-3561FACCBC03} = {02955C53-9B32-4DE7-8A1F-E4DDA14F0000}
		{B79DC936-4E39-4C7C-8AE6-EA7A384D7B4B} = {609DEDBC-ED85-4A74-A713-3561FACCBC03}
		{560A1A22-CF8E-4296-BA2C-24F97F248346} = {02955C53-9B32-4DE7-8A1F-E4DDA14F0000}
		{F99E30D6-97D5-4A03-853D-C680398EBD04} = {02955C53-9B32-4DE7-8A1F-E4DDA14F0000}
		{02F99804-513E-4CB5-B88F-5CD54D47F69C} = {02955C53-9B32-4DE7-8A1F-E4DDA14F0000}
		{2892F6A5-7588-4CA9-A2C9-249D45CDD167} = {02955C53-9B32-4DE7-8A1F-E4DDA14F0000}
		{5AEA3503-0A4F-423A-8301-A450AB86C885} = {02955C53-9B32-4DE7-8A1F-E4DDA14F0000}
		{EDB1496F-C825-471D-B80E-2C46C1B59400} = {02955C53-9B32-4DE7-8A1F-E4DDA14F0000}
		{20E7B67D-BB23-415B-929D-BD6525C74999} = {02955C53-9B32-4DE7-8A1F-E4DDA14F0000}
		{57ED2A1F-3918-4552-B774-107338584F89} = {02955C53-9B32-4DE7-8A1F-E4DDA14F0000}
	EndGlobalSection
	GlobalSection(ExtensibilityGlobals) = postSolution
		SolutionGuid = {EC8784FD-AA97-4668-9A99-9047531C866A}
	EndGlobalSection
EndGlobal
