
Microsoft Visual Studio Solution File, Format Version 12.00
# Visual Studio Version 16
VisualStudioVersion = 16.0.28729.10
MinimumVisualStudioVersion = 10.0.40219.1
Project("{8BC9CEB8-8B4A-11D0-8D11-00A0C91BC942}") = "engine", "src\engine\engine\engine.vcxproj", "{A74652C3-1676-467E-9F95-BE9A541CE260}"
EndProject
Project("{8BC9CEB8-8B4A-11D0-8D11-00A0C91BC942}") = "core", "src\engine\core\core.vcxproj", "{7FCC5351-334C-4C2C-8742-430179A78F1E}"
EndProject
Project("{8BC9CEB8-8B4A-11D0-8D11-00A0C91BC942}") = "Renderer_GL", "src\engine\Renderers\Renderer_GL\Renderer_GL.vcxproj", "{EE3EA442-762D-4DDB-BF56-7C4BF7B029D3}"
EndProject
Project("{2150E333-8FDC-42A3-9474-1A3956D46DE8}") = "engine", "engine", "{02955C53-9B32-4DE7-8A1F-E4DDA14F0000}"
EndProject
Project("{2150E333-8FDC-42A3-9474-1A3956D46DE8}") = "game", "game", "{803A3191-EB0A-4CA3-8779-5A549B50FDE8}"
EndProject
Project("{2150E333-8FDC-42A3-9474-1A3956D46DE8}") = "renderers", "renderers", "{B2A26E86-5869-49DF-BCBB-DFE0CFB6F406}"
EndProject
Project("{8BC9CEB8-8B4A-11D0-8D11-00A0C91BC942}") = "Renderer_DX11", "src\engine\Renderers\Renderer_DX11\Renderer_DX11.vcxproj", "{436F77B3-4106-4F17-A90A-9CBDDF310D5F}"
EndProject
Project("{8BC9CEB8-8B4A-11D0-8D11-00A0C91BC942}") = "Renderer_Vk", "src\engine\Renderers\Renderer_Vk\Renderer_Vk.vcxproj", "{E666A493-56F5-4BEB-B7FE-3C20193E0222}"
EndProject
Project("{8BC9CEB8-8B4A-11D0-8D11-00A0C91BC942}") = "light", "src\games\light\light.vcxproj", "{6CCA5229-9AEF-41FB-932B-5D0091851BA6}"
EndProject
Project("{2150E333-8FDC-42A3-9474-1A3956D46DE8}") = "tools", "tools", "{609DEDBC-ED85-4A74-A713-3561FACCBC03}"
EndProject
Project("{FAE04EC0-301F-11D3-BF4B-00C04F79EFBC}") = "radium", "src\tools\radium\radium.csproj", "{B79DC936-4E39-4C7C-8AE6-EA7A384D7B4B}"
EndProject
Global
	GlobalSection(SolutionConfigurationPlatforms) = preSolution
		Debug|Any CPU = Debug|Any CPU
		Debug|x64 = Debug|x64
		Debug|x86 = Debug|x86
		Development|Any CPU = Development|Any CPU
		Development|x64 = Development|x64
		Development|x86 = Development|x86
		Release|Any CPU = Release|Any CPU
		Release|x64 = Release|x64
		Release|x86 = Release|x86
	EndGlobalSection
	GlobalSection(ProjectConfigurationPlatforms) = postSolution
		{A74652C3-1676-467E-9F95-BE9A541CE260}.Debug|Any CPU.ActiveCfg = Debug|Win32
		{A74652C3-1676-467E-9F95-BE9A541CE260}.Debug|x64.ActiveCfg = Debug|x64
		{A74652C3-1676-467E-9F95-BE9A541CE260}.Debug|x64.Build.0 = Debug|x64
		{A74652C3-1676-467E-9F95-BE9A541CE260}.Debug|x86.ActiveCfg = Debug|Win32
		{A74652C3-1676-467E-9F95-BE9A541CE260}.Debug|x86.Build.0 = Debug|Win32
		{A74652C3-1676-467E-9F95-BE9A541CE260}.Development|Any CPU.ActiveCfg = Development|Win32
		{A74652C3-1676-467E-9F95-BE9A541CE260}.Development|x64.ActiveCfg = Development|x64
		{A74652C3-1676-467E-9F95-BE9A541CE260}.Development|x64.Build.0 = Development|x64
		{A74652C3-1676-467E-9F95-BE9A541CE260}.Development|x86.ActiveCfg = Development|Win32
		{A74652C3-1676-467E-9F95-BE9A541CE260}.Development|x86.Build.0 = Development|Win32
		{A74652C3-1676-467E-9F95-BE9A541CE260}.Release|Any CPU.ActiveCfg = Release|Win32
		{A74652C3-1676-467E-9F95-BE9A541CE260}.Release|x64.ActiveCfg = Release|x64
		{A74652C3-1676-467E-9F95-BE9A541CE260}.Release|x64.Build.0 = Release|x64
		{A74652C3-1676-467E-9F95-BE9A541CE260}.Release|x86.ActiveCfg = Release|Win32
		{A74652C3-1676-467E-9F95-BE9A541CE260}.Release|x86.Build.0 = Release|Win32
		{7FCC5351-334C-4C2C-8742-430179A78F1E}.Debug|Any CPU.ActiveCfg = Debug|Win32
		{7FCC5351-334C-4C2C-8742-430179A78F1E}.Debug|x64.ActiveCfg = Debug|x64
		{7FCC5351-334C-4C2C-8742-430179A78F1E}.Debug|x64.Build.0 = Debug|x64
		{7FCC5351-334C-4C2C-8742-430179A78F1E}.Debug|x86.ActiveCfg = Debug|Win32
		{7FCC5351-334C-4C2C-8742-430179A78F1E}.Debug|x86.Build.0 = Debug|Win32
		{7FCC5351-334C-4C2C-8742-430179A78F1E}.Development|Any CPU.ActiveCfg = Development|Win32
		{7FCC5351-334C-4C2C-8742-430179A78F1E}.Development|x64.ActiveCfg = Development|x64
		{7FCC5351-334C-4C2C-8742-430179A78F1E}.Development|x64.Build.0 = Development|x64
		{7FCC5351-334C-4C2C-8742-430179A78F1E}.Development|x86.ActiveCfg = Development|Win32
		{7FCC5351-334C-4C2C-8742-430179A78F1E}.Development|x86.Build.0 = Development|Win32
		{7FCC5351-334C-4C2C-8742-430179A78F1E}.Release|Any CPU.ActiveCfg = Release|Win32
		{7FCC5351-334C-4C2C-8742-430179A78F1E}.Release|x64.ActiveCfg = Release|x64
		{7FCC5351-334C-4C2C-8742-430179A78F1E}.Release|x64.Build.0 = Release|x64
		{7FCC5351-334C-4C2C-8742-430179A78F1E}.Release|x86.ActiveCfg = Release|Win32
		{7FCC5351-334C-4C2C-8742-430179A78F1E}.Release|x86.Build.0 = Release|Win32
		{EE3EA442-762D-4DDB-BF56-7C4BF7B029D3}.Debug|Any CPU.ActiveCfg = Debug|Win32
		{EE3EA442-762D-4DDB-BF56-7C4BF7B029D3}.Debug|x64.ActiveCfg = Debug|x64
		{EE3EA442-762D-4DDB-BF56-7C4BF7B029D3}.Debug|x64.Build.0 = Debug|x64
		{EE3EA442-762D-4DDB-BF56-7C4BF7B029D3}.Debug|x86.ActiveCfg = Debug|Win32
		{EE3EA442-762D-4DDB-BF56-7C4BF7B029D3}.Debug|x86.Build.0 = Debug|Win32
		{EE3EA442-762D-4DDB-BF56-7C4BF7B029D3}.Development|Any CPU.ActiveCfg = Development|Win32
		{EE3EA442-762D-4DDB-BF56-7C4BF7B029D3}.Development|x64.ActiveCfg = Development|x64
		{EE3EA442-762D-4DDB-BF56-7C4BF7B029D3}.Development|x64.Build.0 = Development|x64
		{EE3EA442-762D-4DDB-BF56-7C4BF7B029D3}.Development|x86.ActiveCfg = Development|Win32
		{EE3EA442-762D-4DDB-BF56-7C4BF7B029D3}.Development|x86.Build.0 = Development|Win32
		{EE3EA442-762D-4DDB-BF56-7C4BF7B029D3}.Release|Any CPU.ActiveCfg = Release|Win32
		{EE3EA442-762D-4DDB-BF56-7C4BF7B029D3}.Release|x64.ActiveCfg = Release|x64
		{EE3EA442-762D-4DDB-BF56-7C4BF7B029D3}.Release|x64.Build.0 = Release|x64
		{EE3EA442-762D-4DDB-BF56-7C4BF7B029D3}.Release|x86.ActiveCfg = Release|Win32
		{EE3EA442-762D-4DDB-BF56-7C4BF7B029D3}.Release|x86.Build.0 = Release|Win32
		{436F77B3-4106-4F17-A90A-9CBDDF310D5F}.Debug|Any CPU.ActiveCfg = Debug|Win32
		{436F77B3-4106-4F17-A90A-9CBDDF310D5F}.Debug|x64.ActiveCfg = Debug|x64
		{436F77B3-4106-4F17-A90A-9CBDDF310D5F}.Debug|x64.Build.0 = Debug|x64
		{436F77B3-4106-4F17-A90A-9CBDDF310D5F}.Debug|x86.ActiveCfg = Debug|Win32
		{436F77B3-4106-4F17-A90A-9CBDDF310D5F}.Debug|x86.Build.0 = Debug|Win32
		{436F77B3-4106-4F17-A90A-9CBDDF310D5F}.Development|Any CPU.ActiveCfg = Development|Win32
		{436F77B3-4106-4F17-A90A-9CBDDF310D5F}.Development|x64.ActiveCfg = Development|x64
		{436F77B3-4106-4F17-A90A-9CBDDF310D5F}.Development|x64.Build.0 = Development|x64
		{436F77B3-4106-4F17-A90A-9CBDDF310D5F}.Development|x86.ActiveCfg = Development|Win32
		{436F77B3-4106-4F17-A90A-9CBDDF310D5F}.Development|x86.Build.0 = Development|Win32
		{436F77B3-4106-4F17-A90A-9CBDDF310D5F}.Release|Any CPU.ActiveCfg = Release|Win32
		{436F77B3-4106-4F17-A90A-9CBDDF310D5F}.Release|x64.ActiveCfg = Release|x64
		{436F77B3-4106-4F17-A90A-9CBDDF310D5F}.Release|x64.Build.0 = Release|x64
		{436F77B3-4106-4F17-A90A-9CBDDF310D5F}.Release|x86.ActiveCfg = Release|Win32
		{436F77B3-4106-4F17-A90A-9CBDDF310D5F}.Release|x86.Build.0 = Release|Win32
		{E666A493-56F5-4BEB-B7FE-3C20193E0222}.Debug|Any CPU.ActiveCfg = Debug|Win32
		{E666A493-56F5-4BEB-B7FE-3C20193E0222}.Debug|x64.ActiveCfg = Debug|x64
		{E666A493-56F5-4BEB-B7FE-3C20193E0222}.Debug|x64.Build.0 = Debug|x64
		{E666A493-56F5-4BEB-B7FE-3C20193E0222}.Debug|x86.ActiveCfg = Debug|Win32
		{E666A493-56F5-4BEB-B7FE-3C20193E0222}.Debug|x86.Build.0 = Debug|Win32
		{E666A493-56F5-4BEB-B7FE-3C20193E0222}.Development|Any CPU.ActiveCfg = Development|Win32
		{E666A493-56F5-4BEB-B7FE-3C20193E0222}.Development|x64.ActiveCfg = Development|x64
		{E666A493-56F5-4BEB-B7FE-3C20193E0222}.Development|x64.Build.0 = Development|x64
		{E666A493-56F5-4BEB-B7FE-3C20193E0222}.Development|x86.ActiveCfg = Development|Win32
		{E666A493-56F5-4BEB-B7FE-3C20193E0222}.Development|x86.Build.0 = Development|Win32
		{E666A493-56F5-4BEB-B7FE-3C20193E0222}.Release|Any CPU.ActiveCfg = Release|Win32
		{E666A493-56F5-4BEB-B7FE-3C20193E0222}.Release|x64.ActiveCfg = Release|x64
		{E666A493-56F5-4BEB-B7FE-3C20193E0222}.Release|x64.Build.0 = Release|x64
		{E666A493-56F5-4BEB-B7FE-3C20193E0222}.Release|x86.ActiveCfg = Release|Win32
		{E666A493-56F5-4BEB-B7FE-3C20193E0222}.Release|x86.Build.0 = Release|Win32
		{6CCA5229-9AEF-41FB-932B-5D0091851BA6}.Debug|Any CPU.ActiveCfg = Debug|Win32
		{6CCA5229-9AEF-41FB-932B-5D0091851BA6}.Debug|x64.ActiveCfg = Debug|x64
		{6CCA5229-9AEF-41FB-932B-5D0091851BA6}.Debug|x64.Build.0 = Debug|x64
		{6CCA5229-9AEF-41FB-932B-5D0091851BA6}.Debug|x86.ActiveCfg = Debug|Win32
		{6CCA5229-9AEF-41FB-932B-5D0091851BA6}.Debug|x86.Build.0 = Debug|Win32
		{6CCA5229-9AEF-41FB-932B-5D0091851BA6}.Development|Any CPU.ActiveCfg = Release|Win32
		{6CCA5229-9AEF-41FB-932B-5D0091851BA6}.Development|Any CPU.Build.0 = Release|Win32
		{6CCA5229-9AEF-41FB-932B-5D0091851BA6}.Development|x64.ActiveCfg = Debug|x64
		{6CCA5229-9AEF-41FB-932B-5D0091851BA6}.Development|x64.Build.0 = Debug|x64
		{6CCA5229-9AEF-41FB-932B-5D0091851BA6}.Development|x86.ActiveCfg = Debug|Win32
		{6CCA5229-9AEF-41FB-932B-5D0091851BA6}.Development|x86.Build.0 = Debug|Win32
		{6CCA5229-9AEF-41FB-932B-5D0091851BA6}.Release|Any CPU.ActiveCfg = Release|Win32
		{6CCA5229-9AEF-41FB-932B-5D0091851BA6}.Release|x64.ActiveCfg = Release|x64
		{6CCA5229-9AEF-41FB-932B-5D0091851BA6}.Release|x64.Build.0 = Release|x64
		{6CCA5229-9AEF-41FB-932B-5D0091851BA6}.Release|x86.ActiveCfg = Release|Win32
		{6CCA5229-9AEF-41FB-932B-5D0091851BA6}.Release|x86.Build.0 = Release|Win32
		{B79DC936-4E39-4C7C-8AE6-EA7A384D7B4B}.Debug|Any CPU.ActiveCfg = Debug|Any CPU
		{B79DC936-4E39-4C7C-8AE6-EA7A384D7B4B}.Debug|Any CPU.Build.0 = Debug|Any CPU
		{B79DC936-4E39-4C7C-8AE6-EA7A384D7B4B}.Debug|x64.ActiveCfg = Debug|Any CPU
		{B79DC936-4E39-4C7C-8AE6-EA7A384D7B4B}.Debug|x64.Build.0 = Debug|Any CPU
		{B79DC936-4E39-4C7C-8AE6-EA7A384D7B4B}.Debug|x86.ActiveCfg = Debug|Any CPU
		{B79DC936-4E39-4C7C-8AE6-EA7A384D7B4B}.Debug|x86.Build.0 = Debug|Any CPU
		{B79DC936-4E39-4C7C-8AE6-EA7A384D7B4B}.Development|Any CPU.ActiveCfg = Debug|Any CPU
		{B79DC936-4E39-4C7C-8AE6-EA7A384D7B4B}.Development|Any CPU.Build.0 = Debug|Any CPU
		{B79DC936-4E39-4C7C-8AE6-EA7A384D7B4B}.Development|x64.ActiveCfg = Debug|Any CPU
		{B79DC936-4E39-4C7C-8AE6-EA7A384D7B4B}.Development|x64.Build.0 = Debug|Any CPU
		{B79DC936-4E39-4C7C-8AE6-EA7A384D7B4B}.Development|x86.ActiveCfg = Debug|Any CPU
		{B79DC936-4E39-4C7C-8AE6-EA7A384D7B4B}.Development|x86.Build.0 = Debug|Any CPU
		{B79DC936-4E39-4C7C-8AE6-EA7A384D7B4B}.Release|Any CPU.ActiveCfg = Release|Any CPU
		{B79DC936-4E39-4C7C-8AE6-EA7A384D7B4B}.Release|Any CPU.Build.0 = Release|Any CPU
		{B79DC936-4E39-4C7C-8AE6-EA7A384D7B4B}.Release|x64.ActiveCfg = Release|Any CPU
		{B79DC936-4E39-4C7C-8AE6-EA7A384D7B4B}.Release|x64.Build.0 = Release|Any CPU
		{B79DC936-4E39-4C7C-8AE6-EA7A384D7B4B}.Release|x86.ActiveCfg = Release|Any CPU
		{B79DC936-4E39-4C7C-8AE6-EA7A384D7B4B}.Release|x86.Build.0 = Release|Any CPU
	EndGlobalSection
	GlobalSection(SolutionProperties) = preSolution
		HideSolutionNode = FALSE
	EndGlobalSection
	GlobalSection(NestedProjects) = preSolution
		{A74652C3-1676-467E-9F95-BE9A541CE260} = {02955C53-9B32-4DE7-8A1F-E4DDA14F0000}
		{7FCC5351-334C-4C2C-8742-430179A78F1E} = {02955C53-9B32-4DE7-8A1F-E4DDA14F0000}
		{EE3EA442-762D-4DDB-BF56-7C4BF7B029D3} = {B2A26E86-5869-49DF-BCBB-DFE0CFB6F406}
		{B2A26E86-5869-49DF-BCBB-DFE0CFB6F406} = {02955C53-9B32-4DE7-8A1F-E4DDA14F0000}
		{436F77B3-4106-4F17-A90A-9CBDDF310D5F} = {B2A26E86-5869-49DF-BCBB-DFE0CFB6F406}
		{E666A493-56F5-4BEB-B7FE-3C20193E0222} = {B2A26E86-5869-49DF-BCBB-DFE0CFB6F406}
		{6CCA5229-9AEF-41FB-932B-5D0091851BA6} = {803A3191-EB0A-4CA3-8779-5A549B50FDE8}
		{609DEDBC-ED85-4A74-A713-3561FACCBC03} = {02955C53-9B32-4DE7-8A1F-E4DDA14F0000}
		{B79DC936-4E39-4C7C-8AE6-EA7A384D7B4B} = {609DEDBC-ED85-4A74-A713-3561FACCBC03}
	EndGlobalSection
	GlobalSection(ExtensibilityGlobals) = postSolution
		SolutionGuid = {EC8784FD-AA97-4668-9A99-9047531C866A}
	EndGlobalSection
EndGlobal
