<?xml version="1.0" encoding="utf-8"?>
<Project ToolsVersion="4.0" xmlns="http://schemas.microsoft.com/developer/msbuild/2003">
  <ItemGroup>
    <ClCompile Include="d3d12_command_allocator.cpp" />
    <ClCompile Include="d3d12_command_list.cpp" />
    <ClCompile Include="d3d12_command_queue.cpp" />
    <ClCompile Include="d3d12_descriptor_heap.cpp" />
    <ClCompile Include="d3d12_device.cpp" />
    <ClCompile Include="d3d12_fence.cpp" />
    <ClCompile Include="d3d12_pipeline_state.cpp" />
    <ClCompile Include="d3d12_resources.cpp" />
    <ClCompile Include="d3d12_swap_chain.cpp" />
    <ClCompile Include="ray_renderer_core_class_helper.cpp" />
  </ItemGroup>
  <ItemGroup>
    <ClInclude Include="d3d12_command_allocator.hpp" />
    <ClInclude Include="d3d12_command_list.hpp" />
    <ClInclude Include="d3d12_command_queue.hpp" />
    <ClInclude Include="d3d12_descriptor_heap.hpp" />
    <ClInclude Include="d3d12_device.hpp" />
    <ClInclude Include="d3d12_fence.hpp" />
    <ClInclude Include="d3d12_pipeline_state.hpp" />
    <ClInclude Include="d3d12_resources.hpp" />
    <ClInclude Include="d3d12_swap_chain.hpp" />
    <ClInclude Include="d3dx12.h" />
    <ClInclude Include="pch.hpp" />
  </ItemGroup>
</Project>