<?xml version="1.0" encoding="utf-8"?>
<Project ToolsVersion="4.0" xmlns="http://schemas.microsoft.com/developer/msbuild/2003">
  <ItemGroup>
    <ClCompile Include="d3d12_command_allocator.cpp" />
    <ClCompile Include="d3d12_command_list.cpp" />
    <ClCompile Include="d3d12_command_queue.cpp" />
    <ClCompile Include="d3d12_descriptor_heap.cpp" />
    <ClCompile Include="d3d12_device.cpp" />
    <ClCompile Include="d3d12_fence.cpp" />
    <ClCompile Include="d3d12_pipeline_state.cpp" />
    <ClCompile Include="d3d12_swap_chain.cpp" />
    <ClCompile Include="ray_renderer_core_class_helper.cpp" />
    <ClCompile Include="module_renderer_dx12.cpp" />
    <ClCompile Include="d3d12_vertex_shader.cpp">
      <Filter>pipeline</Filter>
    </ClCompile>
    <ClCompile Include="d3d12_resources.cpp">
      <Filter>resources</Filter>
    </ClCompile>
    <ClCompile Include="d3d12_pixel_shader.cpp">
      <Filter>pipeline</Filter>
    </ClCompile>
    <ClCompile Include="d3d12_root_signature.cpp" />
    <ClCompile Include="d3d12_vertex_buffer.cpp">
      <Filter>resources</Filter>
    </ClCompile>
    <ClCompile Include="d3d12_index_buffer.cpp">
      <Filter>resources</Filter>
    </ClCompile>
    <ClCompile Include="utils.cpp" />
  </ItemGroup>
  <ItemGroup>
    <ClInclude Include="d3d12_command_allocator.hpp" />
    <ClInclude Include="d3d12_command_list.hpp" />
    <ClInclude Include="d3d12_command_queue.hpp" />
    <ClInclude Include="d3d12_descriptor_heap.hpp" />
    <ClInclude Include="d3d12_device.hpp" />
    <ClInclude Include="d3d12_fence.hpp" />
    <ClInclude Include="d3d12_pipeline_state.hpp" />
    <ClInclude Include="d3d12_swap_chain.hpp" />
    <ClInclude Include="d3dx12.h" />
    <ClInclude Include="pch.hpp" />
    <ClInclude Include="d3d12_vertex_shader.hpp">
      <Filter>pipeline</Filter>
    </ClInclude>
    <ClInclude Include="d3d12_resources.hpp">
      <Filter>resources</Filter>
    </ClInclude>
    <ClInclude Include="d3d12_pixel_shader.hpp">
      <Filter>pipeline</Filter>
    </ClInclude>
    <ClInclude Include="d3d12_root_signature.hpp" />
    <ClInclude Include="d3d12_vertex_buffer.hpp">
      <Filter>resources</Filter>
    </ClInclude>
    <ClInclude Include="d3d12_index_buffer.hpp">
      <Filter>resources</Filter>
    </ClInclude>
    <ClInclude Include="utils.hpp" />
  </ItemGroup>
  <ItemGroup>
    <Filter Include="pipeline">
      <UniqueIdentifier>{39ff754a-4787-424b-b04c-216e147ebd53}</UniqueIdentifier>
    </Filter>
    <Filter Include="resources">
      <UniqueIdentifier>{a485a959-8cb2-4703-886b-b705b7c0c4b3}</UniqueIdentifier>
    </Filter>
  </ItemGroup>
</Project>