<?xml version="1.0" encoding="utf-8"?>
<Project ToolsVersion="4.0" xmlns="http://schemas.microsoft.com/developer/msbuild/2003">
  <ItemGroup>
    <ClInclude Include="d3dx12.h" />
    <ClInclude Include="command_allocator.hpp" />
    <ClInclude Include="command_list.hpp" />
    <ClInclude Include="command_queue.hpp" />
    <ClInclude Include="descriptor_heap.hpp" />
    <ClInclude Include="device.hpp" />
    <ClInclude Include="fence.hpp" />
    <ClInclude Include="swap_chain.hpp" />
    <ClInclude Include="resources.hpp">
      <Filter>resources</Filter>
    </ClInclude>
    <ClInclude Include="pipeline_state.hpp" />
  </ItemGroup>
  <ItemGroup>
    <ClCompile Include="device.cpp" />
    <ClCompile Include="command_queue.cpp" />
    <ClCompile Include="command_allocator.cpp" />
    <ClCompile Include="command_list.cpp" />
    <ClCompile Include="descriptor_heap.cpp" />
    <ClCompile Include="swap_chain.cpp" />
    <ClCompile Include="fence.cpp" />
    <ClCompile Include="ray_renderer_core_class_helper.cpp" />
    <ClCompile Include="resources.cpp">
      <Filter>resources</Filter>
    </ClCompile>
    <ClCompile Include="pipeline_state.cpp" />
  </ItemGroup>
  <ItemGroup>
    <Filter Include="resources">
      <UniqueIdentifier>{1303e552-9808-49c8-bdce-d278c622594b}</UniqueIdentifier>
    </Filter>
  </ItemGroup>
</Project>