<?xml version="1.0" encoding="utf-8"?>
<Project ToolsVersion="4.0" xmlns="http://schemas.microsoft.com/developer/msbuild/2003">
  <ItemGroup>
    <ClCompile Include="engine.cpp" />
  </ItemGroup>
  <ItemGroup>
    <Filter Include="resources">
      <UniqueIdentifier>{c4249e91-4e8f-49dd-9d59-7bba5142c350}</UniqueIdentifier>
    </Filter>
  </ItemGroup>
</Project>