<?xml version="1.0" encoding="utf-8"?>
<Project ToolsVersion="4.0" xmlns="http://schemas.microsoft.com/developer/msbuild/2003">
  <ItemGroup>
    <Filter Include="resources">
      <UniqueIdentifier>{c4249e91-4e8f-49dd-9d59-7bba5142c350}</UniqueIdentifier>
    </Filter>
    <Filter Include="engine">
      <UniqueIdentifier>{9c8b07ac-7cec-431e-877b-a18caa4030f6}</UniqueIdentifier>
    </Filter>
    <Filter Include="bundle">
      <UniqueIdentifier>{2480164e-3256-44a6-aa7a-a906c77744a4}</UniqueIdentifier>
    </Filter>
    <Filter Include="game_framework">
      <UniqueIdentifier>{ba9fba2f-c5fc-46e3-bbe3-45fad2028871}</UniqueIdentifier>
    </Filter>
  </ItemGroup>
  <ItemGroup>
    <ClInclude Include="resources\resource.hpp">
      <Filter>resources</Filter>
    </ClInclude>
    <ClInclude Include="resources\resource_manager.hpp">
      <Filter>resources</Filter>
    </ClInclude>
    <ClInclude Include="engine\engine.hpp">
      <Filter>engine</Filter>
    </ClInclude>
    <ClInclude Include="engine\engine_def.hpp">
      <Filter>engine</Filter>
    </ClInclude>
    <ClInclude Include="pch.hpp" />
    <ClInclude Include="bundle\bundle_headers.hpp">
      <Filter>bundle</Filter>
    </ClInclude>
    <ClInclude Include="world\node.hpp">
      <Filter>game_framework</Filter>
    </ClInclude>
  </ItemGroup>
  <ItemGroup>
    <ClCompile Include="engine\engine.cpp">
      <Filter>engine</Filter>
    </ClCompile>
    <ClCompile Include="unity_build.cpp" />
  </ItemGroup>
</Project>