<?xml version="1.0" encoding="utf-8"?>
<Project ToolsVersion="4.0" xmlns="http://schemas.microsoft.com/developer/msbuild/2003">
  <ItemGroup>
    <ClCompile Include="kernel_init.c" />
    <ClCompile Include="kernel_memory.c" />
    <ClCompile Include="kernel_hook.c" />
    <ClCompile Include="kernel_thread.c" />
    <ClCompile Include="kernel_file.c" />
    <ClCompile Include="kernel_win32_critical_section.c" />
  </ItemGroup>
  <ItemGroup>
    <ClInclude Include="kernel_thread.h" />
    <ClInclude Include="kernel.h" />
    <ClInclude Include="kernel_win32_critical_section.h" />
    <ClInclude Include="kernel_file.h" />
  </ItemGroup>
</Project>