<?xml version="1.0" encoding="utf-8"?>
<Project ToolsVersion="4.0" xmlns="http://schemas.microsoft.com/developer/msbuild/2003">
  <ItemGroup>
    <Filter Include="glfw">
      <UniqueIdentifier>{523df646-c047-4624-8234-e4064993dce8}</UniqueIdentifier>
    </Filter>
  </ItemGroup>
  <ItemGroup>
    <ClCompile Include="glfw\context.c">
      <Filter>glfw</Filter>
    </ClCompile>
    <ClCompile Include="glfw\egl_context.c">
      <Filter>glfw</Filter>
    </ClCompile>
    <ClCompile Include="glfw\init.c">
      <Filter>glfw</Filter>
    </ClCompile>
    <ClCompile Include="glfw\input.c">
      <Filter>glfw</Filter>
    </ClCompile>
    <ClCompile Include="glfw\monitor.c">
      <Filter>glfw</Filter>
    </ClCompile>
    <ClCompile Include="glfw\osmesa_context.c">
      <Filter>glfw</Filter>
    </ClCompile>
    <ClCompile Include="glfw\vulkan.c">
      <Filter>glfw</Filter>
    </ClCompile>
    <ClCompile Include="glfw\wgl_context.c">
      <Filter>glfw</Filter>
    </ClCompile>
    <ClCompile Include="glfw\win32_init.c">
      <Filter>glfw</Filter>
    </ClCompile>
    <ClCompile Include="glfw\win32_joystick.c">
      <Filter>glfw</Filter>
    </ClCompile>
    <ClCompile Include="glfw\win32_monitor.c">
      <Filter>glfw</Filter>
    </ClCompile>
    <ClCompile Include="glfw\win32_thread.c">
      <Filter>glfw</Filter>
    </ClCompile>
    <ClCompile Include="glfw\win32_time.c">
      <Filter>glfw</Filter>
    </ClCompile>
    <ClCompile Include="glfw\win32_window.c">
      <Filter>glfw</Filter>
    </ClCompile>
    <ClCompile Include="glfw\window.c">
      <Filter>glfw</Filter>
    </ClCompile>
    <ClCompile Include="renderer.cpp" />
  </ItemGroup>
  <ItemGroup>
    <ClInclude Include="glfw\egl_context.h">
      <Filter>glfw</Filter>
    </ClInclude>
    <ClInclude Include="glfw\glx_context.h">
      <Filter>glfw</Filter>
    </ClInclude>
    <ClInclude Include="glfw\internal.h">
      <Filter>glfw</Filter>
    </ClInclude>
    <ClInclude Include="glfw\mappings.h">
      <Filter>glfw</Filter>
    </ClInclude>
    <ClInclude Include="glfw\osmesa_context.h">
      <Filter>glfw</Filter>
    </ClInclude>
    <ClInclude Include="glfw\wgl_context.h">
      <Filter>glfw</Filter>
    </ClInclude>
    <ClInclude Include="glfw\win32_joystick.h">
      <Filter>glfw</Filter>
    </ClInclude>
    <ClInclude Include="glfw\win32_platform.h">
      <Filter>glfw</Filter>
    </ClInclude>
    <ClInclude Include="renderer.hpp" />
  </ItemGroup>
  <ItemGroup>
    <None Include="glfw\glfw_config.h.in">
      <Filter>glfw</Filter>
    </None>
    <None Include="glfw\glfw3.pc.in">
      <Filter>glfw</Filter>
    </None>
    <None Include="glfw\glfw3Config.cmake.in">
      <Filter>glfw</Filter>
    </None>
    <None Include="glfw\mappings.h.in">
      <Filter>glfw</Filter>
    </None>
  </ItemGroup>
</Project>