<?xml version="1.0" encoding="utf-8"?>
<Project ToolsVersion="4.0" xmlns="http://schemas.microsoft.com/developer/msbuild/2003">
  <ItemGroup>
    <ClInclude Include="core.h" />
    <ClInclude Include="types.h" />
    <ClInclude Include="application.h" />
    <ClInclude Include="pch.hpp" />
    <ClInclude Include="fs external lib\physfs.h">
      <Filter>file system\fs library</Filter>
    </ClInclude>
    <ClInclude Include="fs external lib\physfs_casefolding.h">
      <Filter>file system\fs library</Filter>
    </ClInclude>
    <ClInclude Include="fs external lib\physfs_internal.h">
      <Filter>file system\fs library</Filter>
    </ClInclude>
    <ClInclude Include="fs external lib\physfs_lzmasdk.h">
      <Filter>file system\fs library</Filter>
    </ClInclude>
    <ClInclude Include="fs external lib\physfs_miniz.h">
      <Filter>file system\fs library</Filter>
    </ClInclude>
    <ClInclude Include="fs external lib\physfs_platforms.h">
      <Filter>file system\fs library</Filter>
    </ClInclude>
    <ClInclude Include="core_init.h" />
    <ClInclude Include="processor.h" />
    <ClInclude Include="file_system.hpp">
      <Filter>file system</Filter>
    </ClInclude>
    <ClInclude Include="memory_ovrd.hpp">
      <Filter>memory</Filter>
    </ClInclude>
    <ClInclude Include="threading\threading.hpp">
      <Filter>threading</Filter>
    </ClInclude>
    <ClInclude Include="platform\platform.hpp">
      <Filter>platform</Filter>
    </ClInclude>
    <ClInclude Include="threading\thread.hpp">
      <Filter>threading</Filter>
    </ClInclude>
    <ClInclude Include="object\object.hpp">
      <Filter>object</Filter>
    </ClInclude>
    <ClInclude Include="memory\StdMalloc.hpp">
      <Filter>memory</Filter>
    </ClInclude>
    <ClInclude Include="memory\IMalloc.hpp">
      <Filter>memory</Filter>
    </ClInclude>
    <ClInclude Include="memory\memory_manager.hpp">
      <Filter>memory</Filter>
    </ClInclude>
  </ItemGroup>
  <ItemGroup>
    <ClCompile Include="core_entry_point.cpp" />
    <ClCompile Include="application.cpp" />
    <ClCompile Include="fs external lib\physfs.c">
      <Filter>file system\fs library</Filter>
    </ClCompile>
    <ClCompile Include="fs external lib\physfs_archiver_7z.c">
      <Filter>file system\fs library</Filter>
    </ClCompile>
    <ClCompile Include="fs external lib\physfs_archiver_dir.c">
      <Filter>file system\fs library</Filter>
    </ClCompile>
    <ClCompile Include="fs external lib\physfs_archiver_grp.c">
      <Filter>file system\fs library</Filter>
    </ClCompile>
    <ClCompile Include="fs external lib\physfs_archiver_hog.c">
      <Filter>file system\fs library</Filter>
    </ClCompile>
    <ClCompile Include="fs external lib\physfs_archiver_iso9660.c">
      <Filter>file system\fs library</Filter>
    </ClCompile>
    <ClCompile Include="fs external lib\physfs_archiver_mvl.c">
      <Filter>file system\fs library</Filter>
    </ClCompile>
    <ClCompile Include="fs external lib\physfs_archiver_qpak.c">
      <Filter>file system\fs library</Filter>
    </ClCompile>
    <ClCompile Include="fs external lib\physfs_archiver_slb.c">
      <Filter>file system\fs library</Filter>
    </ClCompile>
    <ClCompile Include="fs external lib\physfs_archiver_unpacked.c">
      <Filter>file system\fs library</Filter>
    </ClCompile>
    <ClCompile Include="fs external lib\physfs_archiver_vdf.c">
      <Filter>file system\fs library</Filter>
    </ClCompile>
    <ClCompile Include="fs external lib\physfs_archiver_wad.c">
      <Filter>file system\fs library</Filter>
    </ClCompile>
    <ClCompile Include="fs external lib\physfs_archiver_zip.c">
      <Filter>file system\fs library</Filter>
    </ClCompile>
    <ClCompile Include="fs external lib\physfs_byteorder.c">
      <Filter>file system\fs library</Filter>
    </ClCompile>
    <ClCompile Include="fs external lib\physfs_platform_windows.c">
      <Filter>file system\fs library</Filter>
    </ClCompile>
    <ClCompile Include="fs external lib\physfs_unicode.c">
      <Filter>file system\fs library</Filter>
    </ClCompile>
    <ClCompile Include="processor.cpp" />
    <ClCompile Include="file_system.cpp">
      <Filter>file system</Filter>
    </ClCompile>
    <ClCompile Include="pch.cpp" />
    <ClCompile Include="memory_ovld.cpp">
      <Filter>memory</Filter>
    </ClCompile>
    <ClCompile Include="threading\threading.cpp">
      <Filter>threading</Filter>
    </ClCompile>
    <ClCompile Include="threading\thread_win32.cpp">
      <Filter>threading</Filter>
    </ClCompile>
    <ClCompile Include="memory\StdMalloc.cpp">
      <Filter>memory</Filter>
    </ClCompile>
    <ClCompile Include="memory\IMalloc.cpp">
      <Filter>memory</Filter>
    </ClCompile>
  </ItemGroup>
  <ItemGroup>
    <Filter Include="file system">
      <UniqueIdentifier>{ec0a1bf6-d240-4fdd-9d21-f2fc9126c4a9}</UniqueIdentifier>
    </Filter>
    <Filter Include="file system\fs library">
      <UniqueIdentifier>{3baeaa12-b0ca-4d9d-bed5-ef2d5555b506}</UniqueIdentifier>
    </Filter>
    <Filter Include="memory">
      <UniqueIdentifier>{696373df-1981-4f47-98d2-74eb62d764f5}</UniqueIdentifier>
    </Filter>
    <Filter Include="object">
      <UniqueIdentifier>{892f79af-8f7c-4233-8366-377c28c382d8}</UniqueIdentifier>
    </Filter>
    <Filter Include="threading">
      <UniqueIdentifier>{a7d53569-18f7-43be-a78f-62c0fe7b5ce6}</UniqueIdentifier>
    </Filter>
    <Filter Include="platform">
      <UniqueIdentifier>{7861070c-efd9-49cf-924f-569cf7cf929d}</UniqueIdentifier>
    </Filter>
  </ItemGroup>
  <ItemGroup>
    <None Include="fs external lib\physfs_platform_apple.m">
      <Filter>file system\fs library</Filter>
    </None>
  </ItemGroup>
</Project>