<?xml version="1.0" encoding="utf-8"?>
<Project ToolsVersion="4.0" xmlns="http://schemas.microsoft.com/developer/msbuild/2003">
  <ItemGroup>
    <ClInclude Include="core.h" />
    <ClInclude Include="types.h" />
    <ClInclude Include="application.h" />
    <ClInclude Include="pch.hpp" />
    <ClInclude Include="core_init.h" />
    <ClInclude Include="processor.h" />
    <ClInclude Include="threading\threading.hpp">
      <Filter>threading</Filter>
    </ClInclude>
    <ClInclude Include="platform\platform.hpp">
      <Filter>platform</Filter>
    </ClInclude>
    <ClInclude Include="threading\thread.hpp">
      <Filter>threading</Filter>
    </ClInclude>
    <ClInclude Include="object\object.hpp">
      <Filter>object</Filter>
    </ClInclude>
    <ClInclude Include="memory\StdMalloc.hpp">
      <Filter>memory</Filter>
    </ClInclude>
    <ClInclude Include="memory\memory_manager.hpp">
      <Filter>memory</Filter>
    </ClInclude>
    <ClInclude Include="file_system\file_system.hpp">
      <Filter>file system</Filter>
    </ClInclude>
    <ClInclude Include="memory\imalloc.hpp">
      <Filter>memory</Filter>
    </ClInclude>
    <ClInclude Include="serialization\archive.hpp">
      <Filter>serialization</Filter>
    </ClInclude>
  </ItemGroup>
  <ItemGroup>
    <ClCompile Include="core_entry_point.cpp" />
    <ClCompile Include="application.cpp" />
    <ClCompile Include="processor.cpp" />
    <ClCompile Include="pch.cpp" />
    <ClCompile Include="threading\threading.cpp">
      <Filter>threading</Filter>
    </ClCompile>
    <ClCompile Include="threading\thread_win32.cpp">
      <Filter>threading</Filter>
    </ClCompile>
    <ClCompile Include="memory\StdMalloc.cpp">
      <Filter>memory</Filter>
    </ClCompile>
    <ClCompile Include="file_system\file_system.cpp">
      <Filter>file system</Filter>
    </ClCompile>
  </ItemGroup>
  <ItemGroup>
    <Filter Include="file system">
      <UniqueIdentifier>{ec0a1bf6-d240-4fdd-9d21-f2fc9126c4a9}</UniqueIdentifier>
    </Filter>
    <Filter Include="memory">
      <UniqueIdentifier>{696373df-1981-4f47-98d2-74eb62d764f5}</UniqueIdentifier>
    </Filter>
    <Filter Include="object">
      <UniqueIdentifier>{892f79af-8f7c-4233-8366-377c28c382d8}</UniqueIdentifier>
    </Filter>
    <Filter Include="threading">
      <UniqueIdentifier>{a7d53569-18f7-43be-a78f-62c0fe7b5ce6}</UniqueIdentifier>
    </Filter>
    <Filter Include="platform">
      <UniqueIdentifier>{7861070c-efd9-49cf-924f-569cf7cf929d}</UniqueIdentifier>
    </Filter>
    <Filter Include="serialization">
      <UniqueIdentifier>{3af49264-18ec-486e-908f-d96948fd1e01}</UniqueIdentifier>
    </Filter>
  </ItemGroup>
</Project>