<?xml version="1.0" encoding="utf-8"?>
<Project ToolsVersion="4.0" xmlns="http://schemas.microsoft.com/developer/msbuild/2003">
  <ItemGroup>
    <ClInclude Include="pch.hpp" />
    <ClInclude Include="processor.h" />
    <ClInclude Include="threading\threading.hpp">
      <Filter>threading</Filter>
    </ClInclude>
    <ClInclude Include="threading\thread.hpp">
      <Filter>threading</Filter>
    </ClInclude>
    <ClInclude Include="object\object.hpp">
      <Filter>object</Filter>
    </ClInclude>
    <ClInclude Include="memory\StdMalloc.hpp">
      <Filter>memory</Filter>
    </ClInclude>
    <ClInclude Include="memory\memory_manager.hpp">
      <Filter>memory</Filter>
    </ClInclude>
    <ClInclude Include="file_system\file_system.hpp">
      <Filter>file system</Filter>
    </ClInclude>
    <ClInclude Include="serialization\archive.hpp">
      <Filter>serialization</Filter>
    </ClInclude>
    <ClInclude Include="platform\platform_fs.hpp">
      <Filter>platform</Filter>
    </ClInclude>
    <ClInclude Include="memory\memory.hpp">
      <Filter>memory</Filter>
    </ClInclude>
    <ClInclude Include="memory\allocator.hpp">
      <Filter>memory</Filter>
    </ClInclude>
    <ClInclude Include="platform\platform_memory.hpp">
      <Filter>platform</Filter>
    </ClInclude>
    <ClInclude Include="core.hpp" />
    <ClInclude Include="raytl\string.hpp">
      <Filter>raytl</Filter>
    </ClInclude>
    <ClInclude Include="raytl\Iterator.hpp">
      <Filter>raytl</Filter>
    </ClInclude>
    <ClInclude Include="raytl\array.hpp">
      <Filter>raytl</Filter>
    </ClInclude>
    <ClInclude Include="memory\page_allocator.hpp">
      <Filter>memory</Filter>
    </ClInclude>
    <ClInclude Include="logging\log.hpp">
      <Filter>logging</Filter>
    </ClInclude>
    <ClInclude Include="platform\platform_processor.hpp">
      <Filter>platform</Filter>
    </ClInclude>
    <ClInclude Include="modules\startup_initializer.hpp">
      <Filter>modules</Filter>
    </ClInclude>
    <ClInclude Include="raytl\delegate.hpp">
      <Filter>raytl</Filter>
    </ClInclude>
  </ItemGroup>
  <ItemGroup>
    <ClCompile Include="core_entry_point.cpp" />
    <ClCompile Include="processor.cpp" />
    <ClCompile Include="pch.cpp" />
    <ClCompile Include="threading\threading.cpp">
      <Filter>threading</Filter>
    </ClCompile>
    <ClCompile Include="threading\thread_win32.cpp">
      <Filter>threading</Filter>
    </ClCompile>
    <ClCompile Include="memory\StdMalloc.cpp">
      <Filter>memory</Filter>
    </ClCompile>
    <ClCompile Include="file_system\file_system.cpp">
      <Filter>file system</Filter>
    </ClCompile>
    <ClCompile Include="memory\memory_manager.cpp">
      <Filter>memory</Filter>
    </ClCompile>
    <ClCompile Include="windows\platform_memory.cpp">
      <Filter>windows</Filter>
    </ClCompile>
    <ClCompile Include="raytl\string.cpp">
      <Filter>raytl</Filter>
    </ClCompile>
    <ClCompile Include="raytl\array.cpp">
      <Filter>raytl</Filter>
    </ClCompile>
    <ClCompile Include="windows\platform_fs.cpp">
      <Filter>windows</Filter>
    </ClCompile>
    <ClCompile Include="memory\memory.cpp">
      <Filter>memory</Filter>
    </ClCompile>
    <ClCompile Include="memory\page_allocator.cpp">
      <Filter>memory</Filter>
    </ClCompile>
    <ClCompile Include="memory\hacky_memory_override_release.cpp">
      <Filter>memory</Filter>
    </ClCompile>
    <ClCompile Include="logging\log.cpp">
      <Filter>logging</Filter>
    </ClCompile>
    <ClCompile Include="windows\platform_processor.cpp">
      <Filter>windows</Filter>
    </ClCompile>
    <ClCompile Include="modules\startup_initializer.cpp">
      <Filter>modules</Filter>
    </ClCompile>
    <ClCompile Include="object\garbage_collector.cpp">
      <Filter>object</Filter>
    </ClCompile>
  </ItemGroup>
  <ItemGroup>
    <Filter Include="file system">
      <UniqueIdentifier>{ec0a1bf6-d240-4fdd-9d21-f2fc9126c4a9}</UniqueIdentifier>
    </Filter>
    <Filter Include="memory">
      <UniqueIdentifier>{696373df-1981-4f47-98d2-74eb62d764f5}</UniqueIdentifier>
    </Filter>
    <Filter Include="object">
      <UniqueIdentifier>{892f79af-8f7c-4233-8366-377c28c382d8}</UniqueIdentifier>
    </Filter>
    <Filter Include="threading">
      <UniqueIdentifier>{a7d53569-18f7-43be-a78f-62c0fe7b5ce6}</UniqueIdentifier>
    </Filter>
    <Filter Include="platform">
      <UniqueIdentifier>{7861070c-efd9-49cf-924f-569cf7cf929d}</UniqueIdentifier>
    </Filter>
    <Filter Include="serialization">
      <UniqueIdentifier>{3af49264-18ec-486e-908f-d96948fd1e01}</UniqueIdentifier>
    </Filter>
    <Filter Include="windows">
      <UniqueIdentifier>{2aae393c-7a14-4f3c-9bae-9ee579dc53b3}</UniqueIdentifier>
    </Filter>
    <Filter Include="raytl">
      <UniqueIdentifier>{633ec601-d699-484f-b4c8-20aeb7d875ef}</UniqueIdentifier>
    </Filter>
    <Filter Include="logging">
      <UniqueIdentifier>{4e1698f8-2232-434e-83cf-2bf3d9cc1279}</UniqueIdentifier>
    </Filter>
    <Filter Include="modules">
      <UniqueIdentifier>{bb9722ec-5663-484f-963a-18d8d55db838}</UniqueIdentifier>
    </Filter>
  </ItemGroup>
</Project>