<?xml version="1.0" encoding="utf-8"?>
<Project ToolsVersion="4.0" xmlns="http://schemas.microsoft.com/developer/msbuild/2003">
  <ItemGroup>
    <ClCompile Include="core_entry_point.cpp" />
    <ClCompile Include="context\context.cpp">
      <Filter>context</Filter>
    </ClCompile>
    <ClCompile Include="debug\debug.cpp">
      <Filter>debug</Filter>
    </ClCompile>
    <ClCompile Include="extended_instuctions\sse\common.cpp">
      <Filter>extended_instructions\sse</Filter>
    </ClCompile>
    <ClCompile Include="file_system\file_system.cpp">
      <Filter>file_system</Filter>
    </ClCompile>
    <ClCompile Include="object\object_db.cpp">
      <Filter>object</Filter>
    </ClCompile>
    <ClCompile Include="math\math_common.cpp">
      <Filter>math</Filter>
    </ClCompile>
    <ClCompile Include="threading\condition_variable.cpp">
      <Filter>threading</Filter>
    </ClCompile>
    <ClCompile Include="threading\thread_pool.cpp">
      <Filter>threading</Filter>
    </ClCompile>
    <ClCompile Include="threading\critical_section.cpp">
      <Filter>threading</Filter>
    </ClCompile>
    <ClCompile Include="lib\thread.cpp">
      <Filter>lib</Filter>
    </ClCompile>
    <ClCompile Include="log\log.cpp">
      <Filter>log</Filter>
    </ClCompile>
    <ClCompile Include="memory\memory_manager.cpp">
      <Filter>memory</Filter>
    </ClCompile>
    <ClCompile Include="memory\allocator.cpp">
      <Filter>memory</Filter>
    </ClCompile>
    <ClCompile Include="os\miniwin.cpp">
      <Filter>os</Filter>
    </ClCompile>
    <ClCompile Include="module\module.cpp">
      <Filter>module</Filter>
    </ClCompile>
    <ClCompile Include="json\json.cpp">
      <Filter>json</Filter>
    </ClCompile>
    <ClCompile Include="memory\pool_allocator.cpp">
      <Filter>memory</Filter>
    </ClCompile>
    <ClCompile Include="memory\fast_pool_allocator.cpp">
      <Filter>memory</Filter>
    </ClCompile>
  </ItemGroup>
  <ItemGroup>
    <ClInclude Include="core.hpp" />
    <ClInclude Include="context\context.hpp">
      <Filter>context</Filter>
    </ClInclude>
    <ClInclude Include="debug\assert.hpp">
      <Filter>debug</Filter>
    </ClInclude>
    <ClInclude Include="debug\debug.hpp">
      <Filter>debug</Filter>
    </ClInclude>
    <ClInclude Include="extended_instuctions\sse\common.hpp">
      <Filter>extended_instructions\sse</Filter>
    </ClInclude>
    <ClInclude Include="file_system\file.hpp">
      <Filter>file_system</Filter>
    </ClInclude>
    <ClInclude Include="file_system\file_system.hpp">
      <Filter>file_system</Filter>
    </ClInclude>
    <ClInclude Include="file_system\file_mapping.hpp">
      <Filter>file_system</Filter>
    </ClInclude>
    <ClInclude Include="object\file_archive.hpp">
      <Filter>object</Filter>
    </ClInclude>
    <ClInclude Include="object\object.hpp">
      <Filter>object</Filter>
    </ClInclude>
    <ClInclude Include="object\type.hpp">
      <Filter>object</Filter>
    </ClInclude>
    <ClInclude Include="object\archive.hpp">
      <Filter>object</Filter>
    </ClInclude>
    <ClInclude Include="math\common.hpp">
      <Filter>math</Filter>
    </ClInclude>
    <ClInclude Include="math\vector.hpp">
      <Filter>math</Filter>
    </ClInclude>
    <ClInclude Include="math\matrix.hpp">
      <Filter>math</Filter>
    </ClInclude>
    <ClInclude Include="threading\condition_variable.hpp">
      <Filter>threading</Filter>
    </ClInclude>
    <ClInclude Include="threading\thread_pool.hpp">
      <Filter>threading</Filter>
    </ClInclude>
    <ClInclude Include="threading\critical_section.hpp">
      <Filter>threading</Filter>
    </ClInclude>
    <ClInclude Include="lib\algorithms.hpp">
      <Filter>lib</Filter>
    </ClInclude>
    <ClInclude Include="lib\array.hpp">
      <Filter>lib</Filter>
    </ClInclude>
    <ClInclude Include="lib\delegate.hpp">
      <Filter>lib</Filter>
    </ClInclude>
    <ClInclude Include="lib\scoped_allocation.hpp">
      <Filter>lib</Filter>
    </ClInclude>
    <ClInclude Include="lib\string.hpp">
      <Filter>lib</Filter>
    </ClInclude>
    <ClInclude Include="lib\queue.hpp">
      <Filter>lib</Filter>
    </ClInclude>
    <ClInclude Include="lib\thread.hpp">
      <Filter>lib</Filter>
    </ClInclude>
    <ClInclude Include="log\log.hpp">
      <Filter>log</Filter>
    </ClInclude>
    <ClInclude Include="memory\memory_debug.hpp">
      <Filter>memory</Filter>
    </ClInclude>
    <ClInclude Include="memory\memory_manager.hpp">
      <Filter>memory</Filter>
    </ClInclude>
    <ClInclude Include="memory\memory_pool.hpp">
      <Filter>memory</Filter>
    </ClInclude>
    <ClInclude Include="memory\system_allocator.hpp">
      <Filter>memory</Filter>
    </ClInclude>
    <ClInclude Include="memory\new_delete_override.hpp">
      <Filter>memory</Filter>
    </ClInclude>
    <ClInclude Include="memory\allocator.hpp">
      <Filter>memory</Filter>
    </ClInclude>
    <ClInclude Include="os\miniwin.hpp">
      <Filter>os</Filter>
    </ClInclude>
    <ClInclude Include="module\module.hpp">
      <Filter>module</Filter>
    </ClInclude>
    <ClInclude Include="module\module_meta.hpp">
      <Filter>module</Filter>
    </ClInclude>
    <ClInclude Include="json\json.hpp">
      <Filter>json</Filter>
    </ClInclude>
    <ClInclude Include="memory\memory_pool_manager.hpp">
      <Filter>memory</Filter>
    </ClInclude>
    <ClInclude Include="memory\pool_allocator.hpp">
      <Filter>memory</Filter>
    </ClInclude>
    <ClInclude Include="memory\fast_pool_allocator.hpp">
      <Filter>memory</Filter>
    </ClInclude>
    <ClInclude Include="lib\json.hpp">
      <Filter>lib</Filter>
    </ClInclude>
  </ItemGroup>
  <ItemGroup>
    <Filter Include="context">
      <UniqueIdentifier>{0c54e0ab-d72a-4019-ba09-56c18c2f1dde}</UniqueIdentifier>
    </Filter>
    <Filter Include="debug">
      <UniqueIdentifier>{15fcdf1e-a0b7-4641-8a12-1373a7bf94a9}</UniqueIdentifier>
    </Filter>
    <Filter Include="extended_instructions">
      <UniqueIdentifier>{725def24-5948-419b-8991-c650155d2066}</UniqueIdentifier>
    </Filter>
    <Filter Include="extended_instructions\sse">
      <UniqueIdentifier>{9228cc4b-e058-4dbb-aa6f-55dd3aef0659}</UniqueIdentifier>
    </Filter>
    <Filter Include="file_system">
      <UniqueIdentifier>{a76de7dd-57fb-485c-a7e7-bf508d80ab84}</UniqueIdentifier>
    </Filter>
    <Filter Include="object">
      <UniqueIdentifier>{869a49f0-1452-454e-8340-5b94dca67eed}</UniqueIdentifier>
    </Filter>
    <Filter Include="math">
      <UniqueIdentifier>{73a25be4-40c9-4d65-9b92-a8849f752657}</UniqueIdentifier>
    </Filter>
    <Filter Include="json">
      <UniqueIdentifier>{90d8a387-e0aa-421e-ba69-d231cff8a8bd}</UniqueIdentifier>
    </Filter>
    <Filter Include="threading">
      <UniqueIdentifier>{d8c59c72-7171-4b0f-b1fd-2df9769c3615}</UniqueIdentifier>
    </Filter>
    <Filter Include="lib">
      <UniqueIdentifier>{dd0a02e2-42b3-4b77-acfa-99e208d1ea82}</UniqueIdentifier>
    </Filter>
    <Filter Include="log">
      <UniqueIdentifier>{aecc54af-5e01-4d0b-8f81-2470b344c476}</UniqueIdentifier>
    </Filter>
    <Filter Include="memory">
      <UniqueIdentifier>{19635b13-d175-49da-b631-30f6dc4f46a7}</UniqueIdentifier>
    </Filter>
    <Filter Include="os">
      <UniqueIdentifier>{612e9e6d-05a0-4750-86c0-310db84be44c}</UniqueIdentifier>
    </Filter>
    <Filter Include="module">
      <UniqueIdentifier>{4019e39c-4e85-4d54-9117-2dc610a4aa6e}</UniqueIdentifier>
    </Filter>
  </ItemGroup>
  <ItemGroup>
    <None Include="lib\result.hpp">
      <Filter>lib</Filter>
    </None>
  </ItemGroup>
</Project>