<?xml version="1.0" encoding="utf-8"?>
<Project ToolsVersion="4.0" xmlns="http://schemas.microsoft.com/developer/msbuild/2003">
  <ItemGroup>
    <ClInclude Include="core.hpp" />
    <ClInclude Include="log\log.hpp">
      <Filter>log</Filter>
    </ClInclude>
    <ClInclude Include="memory\new_delete_override.hpp">
      <Filter>memory</Filter>
    </ClInclude>
    <ClInclude Include="module\module_meta.hpp">
      <Filter>module</Filter>
    </ClInclude>
    <ClInclude Include="module\module.hpp">
      <Filter>module</Filter>
    </ClInclude>
    <ClInclude Include="lib\thread.hpp">
      <Filter>lib</Filter>
    </ClInclude>
    <ClInclude Include="object\object.hpp">
      <Filter>object</Filter>
    </ClInclude>
    <ClInclude Include="memory\memory_debug.hpp">
      <Filter>memory</Filter>
    </ClInclude>
    <ClInclude Include="file_system\file_system.hpp">
      <Filter>file_system</Filter>
    </ClInclude>
    <ClInclude Include="lib\scoped_allocation.hpp">
      <Filter>lib</Filter>
    </ClInclude>
    <ClInclude Include="threading\critical_section.hpp">
      <Filter>threading</Filter>
    </ClInclude>
    <ClInclude Include="math\vector.hpp">
      <Filter>math</Filter>
    </ClInclude>
    <ClInclude Include="math\common.hpp">
      <Filter>math</Filter>
    </ClInclude>
    <ClInclude Include="debug\assert.hpp">
      <Filter>debug</Filter>
    </ClInclude>
    <ClInclude Include="debug\debug.hpp">
      <Filter>debug</Filter>
    </ClInclude>
    <ClInclude Include="lib\array.hpp">
      <Filter>lib</Filter>
    </ClInclude>
    <ClInclude Include="extended_instuctions\sse\common.hpp">
      <Filter>extended instructions\sse</Filter>
    </ClInclude>
    <ClInclude Include="file_system\file.hpp">
      <Filter>file_system</Filter>
    </ClInclude>
    <ClInclude Include="object\archive.hpp">
      <Filter>object</Filter>
    </ClInclude>
    <ClInclude Include="object\type.hpp">
      <Filter>object</Filter>
    </ClInclude>
    <ClInclude Include="lib\queue.hpp">
      <Filter>lib</Filter>
    </ClInclude>
    <ClInclude Include="lib\format.hpp">
      <Filter>lib</Filter>
    </ClInclude>
    <ClInclude Include="math\matrix.hpp">
      <Filter>math</Filter>
    </ClInclude>
  </ItemGroup>
  <ItemGroup>
    <ClCompile Include="core_entry_point.cpp" />
    <ClCompile Include="log\log.cpp">
      <Filter>log</Filter>
    </ClCompile>
    <ClCompile Include="module\module.cpp">
      <Filter>module</Filter>
    </ClCompile>
    <ClCompile Include="lib\thread.cpp">
      <Filter>lib</Filter>
    </ClCompile>
    <ClCompile Include="object\object_db.cpp">
      <Filter>object</Filter>
    </ClCompile>
    <ClCompile Include="file_system\file_system.cpp">
      <Filter>file_system</Filter>
    </ClCompile>
    <ClCompile Include="threading\critical_section.cpp">
      <Filter>threading</Filter>
    </ClCompile>
    <ClCompile Include="debug\debug.cpp">
      <Filter>debug</Filter>
    </ClCompile>
    <ClCompile Include="extended_instuctions\sse\common.cpp">
      <Filter>extended instructions\sse</Filter>
    </ClCompile>
    <ClCompile Include="lib\format.cpp">
      <Filter>lib</Filter>
    </ClCompile>
  </ItemGroup>
  <ItemGroup>
    <Filter Include="log">
      <UniqueIdentifier>{1e537b0d-46a6-4cb6-8081-7f9f5f5cfc7c}</UniqueIdentifier>
    </Filter>
    <Filter Include="memory">
      <UniqueIdentifier>{d4e4e43a-4ad3-44ad-81ea-3a7fef35f2f3}</UniqueIdentifier>
    </Filter>
    <Filter Include="module">
      <UniqueIdentifier>{0a8196d5-8b60-417c-8e73-432d6a16ce72}</UniqueIdentifier>
    </Filter>
    <Filter Include="lib">
      <UniqueIdentifier>{8042c20f-e8ea-4910-9c18-8e0c9a020aec}</UniqueIdentifier>
    </Filter>
    <Filter Include="object">
      <UniqueIdentifier>{38f7b246-aad7-4f88-b312-9428bd6b8c4a}</UniqueIdentifier>
    </Filter>
    <Filter Include="file_system">
      <UniqueIdentifier>{f27e7e92-fa19-4022-bc8b-f1ba03579d05}</UniqueIdentifier>
    </Filter>
    <Filter Include="math">
      <UniqueIdentifier>{9d889400-2c3c-44dd-bf1e-1c9ebb16f654}</UniqueIdentifier>
    </Filter>
    <Filter Include="threading">
      <UniqueIdentifier>{1547e6b9-8f70-4623-8685-ad062680d928}</UniqueIdentifier>
    </Filter>
    <Filter Include="debug">
      <UniqueIdentifier>{6e0c4758-45f2-4625-a108-e05f3992ef46}</UniqueIdentifier>
    </Filter>
    <Filter Include="extended instructions">
      <UniqueIdentifier>{0ab4e525-32ba-4e84-a487-c22c3d530283}</UniqueIdentifier>
    </Filter>
    <Filter Include="extended instructions\sse">
      <UniqueIdentifier>{4b6e17ab-9d50-44c4-a95c-009b947d0d07}</UniqueIdentifier>
    </Filter>
    <Filter Include="extended instructions\avx">
      <UniqueIdentifier>{dc52e1fd-08e1-4c59-ac4b-ffc5b74e7ed6}</UniqueIdentifier>
    </Filter>
  </ItemGroup>
  <ItemGroup>
    <None Include="lib\result.hpp">
      <Filter>lib</Filter>
    </None>
  </ItemGroup>
</Project>