<?xml version="1.0" encoding="utf-8"?>
<Project ToolsVersion="4.0" xmlns="http://schemas.microsoft.com/developer/msbuild/2003">
  <ItemGroup>
    <ClInclude Include="renderer.hpp" />
    <ClInclude Include="resources\buffer.hpp">
      <Filter>resources</Filter>
    </ClInclude>
    <ClInclude Include="resources\resources.hpp">
      <Filter>resources</Filter>
    </ClInclude>
    <ClInclude Include="resources\textures.hpp">
      <Filter>resources</Filter>
    </ClInclude>
    <ClInclude Include="device.hpp" />
    <ClInclude Include="command_queue.hpp" />
    <ClInclude Include="command_list.hpp" />
    <ClInclude Include="descriptor_heap.hpp" />
    <ClInclude Include="fence.hpp" />
    <ClInclude Include="command_allocator.hpp" />
    <ClInclude Include="swap_chain.hpp" />
    <ClInclude Include="ray_renderer_core_base.hpp" />
  </ItemGroup>
  <ItemGroup>
    <ClCompile Include="renderer.cpp" />
    <ClCompile Include="resources\buffer.cpp">
      <Filter>resources</Filter>
    </ClCompile>
    <ClCompile Include="resources\resources.cpp">
      <Filter>resources</Filter>
    </ClCompile>
    <ClCompile Include="resources\textures.cpp">
      <Filter>resources</Filter>
    </ClCompile>
  </ItemGroup>
  <ItemGroup>
    <Filter Include="resources">
      <UniqueIdentifier>{25a1620c-8fb9-484a-b18e-1847c6e7879a}</UniqueIdentifier>
    </Filter>
  </ItemGroup>
</Project>