<?xml version="1.0" encoding="utf-8"?>
<Project ToolsVersion="4.0" xmlns="http://schemas.microsoft.com/developer/msbuild/2003">
  <ItemGroup>
    <ClInclude Include="command_allocator.hpp" />
    <ClInclude Include="command_queue.hpp" />
    <ClInclude Include="descriptor_heap.hpp" />
    <ClInclude Include="pipeline_state.hpp" />
    <ClInclude Include="ray_renderer_core_base.hpp" />
    <ClInclude Include="ray_renderer_core_class_helper.hpp" />
    <ClInclude Include="renderer.hpp" />
    <ClInclude Include="renderer_2d.hpp" />
    <ClInclude Include="renderer_globals.hpp" />
    <ClInclude Include="resources\gpu_resource.hpp">
      <Filter>resources</Filter>
    </ClInclude>
    <ClInclude Include="resources\linear_allocator.hpp">
      <Filter>resources\memory</Filter>
    </ClInclude>
    <ClInclude Include="command_context.hpp" />
    <ClInclude Include="..\renderer_dx12\d3dx12.h" />
    <ClInclude Include="resources\color_buffer.hpp">
      <Filter>resources</Filter>
    </ClInclude>
    <ClInclude Include="resources\pixel_buffer.hpp">
      <Filter>resources</Filter>
    </ClInclude>
    <ClInclude Include="resources\gpu_buffer.hpp">
      <Filter>resources</Filter>
    </ClInclude>
    <ClInclude Include="root_signature.hpp" />
    <ClInclude Include="resources\buffer_manager.hpp">
      <Filter>resources</Filter>
    </ClInclude>
    <ClInclude Include="resources\depth_buffer.hpp">
      <Filter>resources</Filter>
    </ClInclude>
    <ClInclude Include="sampler_manager.hpp" />
    <ClInclude Include="resources\texture.hpp">
      <Filter>resources</Filter>
    </ClInclude>
    <ClInclude Include="resources\buddy_allocator.hpp">
      <Filter>resources\memory</Filter>
    </ClInclude>
    <ClInclude Include="resources\texture_manager.hpp">
      <Filter>resources</Filter>
    </ClInclude>
    <ClInclude Include="resources\graphics_memory_manager.hpp">
      <Filter>resources\memory</Filter>
    </ClInclude>
    <ClInclude Include="resources\ring_buffer.hpp">
      <Filter>resources\memory</Filter>
    </ClInclude>
    <ClInclude Include="resources\resources_loader.hpp">
      <Filter>resources\memory</Filter>
    </ClInclude>
  </ItemGroup>
  <ItemGroup>
    <ClCompile Include="renderer.cpp" />
    <ClCompile Include="module_renderer_core.cpp" />
    <ClCompile Include="renderer_2d.cpp" />
    <ClCompile Include="descriptor_heap.cpp" />
    <ClCompile Include="command_allocator.cpp" />
    <ClCompile Include="command_queue.cpp" />
    <ClCompile Include="resources\linear_allocator.cpp">
      <Filter>resources\memory</Filter>
    </ClCompile>
    <ClCompile Include="command_context.cpp" />
    <ClCompile Include="resources\color_buffer.cpp">
      <Filter>resources</Filter>
    </ClCompile>
    <ClCompile Include="resources\pixel_buffer.cpp">
      <Filter>resources</Filter>
    </ClCompile>
    <ClCompile Include="resources\gpu_buffer.cpp">
      <Filter>resources</Filter>
    </ClCompile>
    <ClCompile Include="root_signature.cpp" />
    <ClCompile Include="pipeline_state.cpp" />
    <ClCompile Include="resources\buffer_manager.cpp">
      <Filter>resources</Filter>
    </ClCompile>
    <ClCompile Include="resources\depth_buffer.cpp">
      <Filter>resources</Filter>
    </ClCompile>
    <ClCompile Include="sampler_manager.cpp" />
    <ClCompile Include="resources\texture.cpp">
      <Filter>resources</Filter>
    </ClCompile>
    <ClCompile Include="resources\buddy_allocator.cpp">
      <Filter>resources\memory</Filter>
    </ClCompile>
    <ClCompile Include="resources\texture_manager.cpp">
      <Filter>resources</Filter>
    </ClCompile>
    <ClCompile Include="resources\graphics_memory_manager.cpp">
      <Filter>resources\memory</Filter>
    </ClCompile>
    <ClCompile Include="resources\ring_buffer.cpp">
      <Filter>resources\memory</Filter>
    </ClCompile>
    <ClCompile Include="resources\resources_loader.cpp">
      <Filter>resources\memory</Filter>
    </ClCompile>
  </ItemGroup>
  <ItemGroup>
    <Filter Include="resources">
      <UniqueIdentifier>{bdaef45a-1ec2-4972-97c6-c570ecdd0460}</UniqueIdentifier>
    </Filter>
    <Filter Include="resources\memory">
      <UniqueIdentifier>{3b02b848-2e07-4835-b1dc-a32307628676}</UniqueIdentifier>
    </Filter>
  </ItemGroup>
  <ItemGroup>
    <FxCompile Include="VertexShader.hlsl" />
    <FxCompile Include="PixelShader.hlsl" />
  </ItemGroup>
</Project>