<?xml version="1.0" encoding="utf-8"?>
<Project ToolsVersion="4.0" xmlns="http://schemas.microsoft.com/developer/msbuild/2003">
  <ItemGroup>
    <ClInclude Include="command_allocator.hpp" />
    <ClInclude Include="command_queue.hpp" />
    <ClInclude Include="descriptor_heap.hpp" />
    <ClInclude Include="pipeline_state.hpp" />
    <ClInclude Include="ray_renderer_core_base.hpp" />
    <ClInclude Include="ray_renderer_core_class_helper.hpp" />
    <ClInclude Include="renderer.hpp" />
    <ClInclude Include="renderer_2d.hpp" />
    <ClInclude Include="resources\gpu_resource.hpp">
      <Filter>resources</Filter>
    </ClInclude>
    <ClInclude Include="command_context.hpp" />
    <ClInclude Include="..\renderer_dx12\d3dx12.h" />
    <ClInclude Include="resources\color_buffer.hpp">
      <Filter>resources</Filter>
    </ClInclude>
    <ClInclude Include="resources\gpu_buffer.hpp">
      <Filter>resources</Filter>
    </ClInclude>
    <ClInclude Include="root_signature.hpp" />
    <ClInclude Include="resources\buffer_manager.hpp">
      <Filter>resources</Filter>
    </ClInclude>
    <ClInclude Include="resources\depth_buffer.hpp">
      <Filter>resources</Filter>
    </ClInclude>
    <ClInclude Include="sampler_manager.hpp" />
    <ClInclude Include="resources\ring_buffer.hpp">
      <Filter>resources\memory</Filter>
    </ClInclude>
    <ClInclude Include="dx12_helper_functions.hpp" />
    <ClInclude Include="resources\upload_buffer.hpp">
      <Filter>resources\memory</Filter>
    </ClInclude>
    <ClInclude Include="resources\gpu_memory_pool.hpp">
      <Filter>resources\memory</Filter>
    </ClInclude>
    <ClInclude Include="resources\gpu_texture.hpp">
      <Filter>resources</Filter>
    </ClInclude>
    <ClInclude Include="renderer_core.hpp" />
    <ClInclude Include="resources\gpu_pixel_buffer.hpp">
      <Filter>resources</Filter>
    </ClInclude>
    <ClInclude Include="ui_renderer.hpp" />
  </ItemGroup>
  <ItemGroup>
    <ClCompile Include="renderer.cpp" />
    <ClCompile Include="module_renderer_core.cpp" />
    <ClCompile Include="renderer_2d.cpp" />
    <ClCompile Include="descriptor_heap.cpp" />
    <ClCompile Include="command_allocator.cpp" />
    <ClCompile Include="command_queue.cpp" />
    <ClCompile Include="command_context.cpp" />
    <ClCompile Include="resources\color_buffer.cpp">
      <Filter>resources</Filter>
    </ClCompile>
    <ClCompile Include="resources\gpu_buffer.cpp">
      <Filter>resources</Filter>
    </ClCompile>
    <ClCompile Include="root_signature.cpp" />
    <ClCompile Include="pipeline_state.cpp" />
    <ClCompile Include="resources\buffer_manager.cpp">
      <Filter>resources</Filter>
    </ClCompile>
    <ClCompile Include="resources\depth_buffer.cpp">
      <Filter>resources</Filter>
    </ClCompile>
    <ClCompile Include="sampler_manager.cpp" />
    <ClCompile Include="resources\ring_buffer.cpp">
      <Filter>resources\memory</Filter>
    </ClCompile>
    <ClCompile Include="dx12_helper_functions.cpp" />
    <ClCompile Include="resources\upload_buffer.cpp">
      <Filter>resources\memory</Filter>
    </ClCompile>
    <ClCompile Include="resources\gpu_memory_pool.cpp">
      <Filter>resources\memory</Filter>
    </ClCompile>
    <ClCompile Include="resources\gpu_texture.cpp">
      <Filter>resources</Filter>
    </ClCompile>
    <ClCompile Include="resources\gpu_pixel_buffer.cpp">
      <Filter>resources</Filter>
    </ClCompile>
    <ClCompile Include="ui_renderer.cpp" />
  </ItemGroup>
  <ItemGroup>
    <Filter Include="resources">
      <UniqueIdentifier>{bdaef45a-1ec2-4972-97c6-c570ecdd0460}</UniqueIdentifier>
    </Filter>
    <Filter Include="resources\memory">
      <UniqueIdentifier>{3b02b848-2e07-4835-b1dc-a32307628676}</UniqueIdentifier>
    </Filter>
  </ItemGroup>
  <ItemGroup>
    <FxCompile Include="VertexShaderColored.hlsl" />
    <FxCompile Include="PixelShaderColored.hlsl" />
    <FxCompile Include="Renderer2D_VS.hlsl" />
    <FxCompile Include="Renderer2D_PS.hlsl" />
    <FxCompile Include="UiRenderer_VS.hlsl" />
    <FxCompile Include="UiRenderer_PS.hlsl" />
    <FxCompile Include="Present_VS.hlsl" />
    <FxCompile Include="Present_PS.hlsl" />
  </ItemGroup>
</Project>