<?xml version="1.0" encoding="utf-8"?>
<Project ToolsVersion="4.0" xmlns="http://schemas.microsoft.com/developer/msbuild/2003">
  <ItemGroup>
    <ClCompile Include="EntryPoint.cpp" />
    <ClCompile Include="engine.cpp" />
    <ClCompile Include="platform.cpp" />
    <ClCompile Include="imodel_component.cpp">
      <Filter>renderer\components</Filter>
    </ClCompile>
    <ClCompile Include="irenderer.cpp">
      <Filter>renderer</Filter>
    </ClCompile>
    <ClCompile Include="ishader.cpp">
      <Filter>renderer</Filter>
    </ClCompile>
    <ClCompile Include="actor.cpp" />
    <ClCompile Include="Level.cpp" />
    <ClCompile Include="IComponent.cpp">
      <Filter>renderer\components</Filter>
    </ClCompile>
  </ItemGroup>
  <ItemGroup>
    <Filter Include="pch">
      <UniqueIdentifier>{0dfc64ff-041f-43f3-a71d-75fb5258f6e3}</UniqueIdentifier>
    </Filter>
    <Filter Include="renderer">
      <UniqueIdentifier>{a96278df-7cdc-4111-967d-f5d4734ec55d}</UniqueIdentifier>
    </Filter>
    <Filter Include="renderer\components">
      <UniqueIdentifier>{07c3501f-6a8c-4b27-a1c1-a933e7353b51}</UniqueIdentifier>
    </Filter>
    <Filter Include="event system">
      <UniqueIdentifier>{31c542d2-64a6-4737-bf61-b20b574640ff}</UniqueIdentifier>
    </Filter>
    <Filter Include="resources">
      <UniqueIdentifier>{06d26d1b-f32d-4be1-a35f-c45e6f650dc5}</UniqueIdentifier>
    </Filter>
  </ItemGroup>
  <ItemGroup>
    <ClInclude Include="pch.h">
      <Filter>pch</Filter>
    </ClInclude>
    <ClInclude Include="engine.hpp" />
    <ClInclude Include="platform.hpp" />
    <ClInclude Include="imodel_component.hpp">
      <Filter>renderer\components</Filter>
    </ClInclude>
    <ClInclude Include="irenderer.hpp">
      <Filter>renderer</Filter>
    </ClInclude>
    <ClInclude Include="event.hpp">
      <Filter>event system</Filter>
    </ClInclude>
    <ClInclude Include="window_event.h">
      <Filter>event system</Filter>
    </ClInclude>
    <ClInclude Include="ishader.hpp">
      <Filter>renderer</Filter>
    </ClInclude>
    <ClInclude Include="actor.hpp" />
    <ClInclude Include="Level.hpp" />
    <ClInclude Include="IComponent.hpp">
      <Filter>renderer\components</Filter>
    </ClInclude>
  </ItemGroup>
</Project>