<?xml version="1.0" encoding="utf-8"?>
<Project ToolsVersion="4.0" xmlns="http://schemas.microsoft.com/developer/msbuild/2003">
  <ItemGroup>
    <ClInclude Include="pch.hpp" />
    <ClInclude Include="engine\engine.hpp">
      <Filter>engine</Filter>
    </ClInclude>
    <ClInclude Include="engine\engine_def.hpp">
      <Filter>engine</Filter>
    </ClInclude>
    <ClInclude Include="bundle\bundle_meta.hpp">
      <Filter>bundle</Filter>
    </ClInclude>
    <ClInclude Include="state\state.hpp">
      <Filter>state</Filter>
    </ClInclude>
    <ClInclude Include="world\world.hpp">
      <Filter>world</Filter>
    </ClInclude>
    <ClInclude Include="world\actor.hpp">
      <Filter>world</Filter>
    </ClInclude>
    <ClInclude Include="world\components\transform.hpp">
      <Filter>world\components</Filter>
    </ClInclude>
    <ClInclude Include="world\level.hpp">
      <Filter>world</Filter>
    </ClInclude>
    <ClInclude Include="world\components\component_base.hpp">
      <Filter>world\components</Filter>
    </ClInclude>
    <ClInclude Include="resources\resource.hpp">
      <Filter>resources</Filter>
    </ClInclude>
    <ClInclude Include="resources\resource_manager.hpp">
      <Filter>resources</Filter>
    </ClInclude>
    <ClInclude Include="resources\resource_type.hpp">
      <Filter>resources</Filter>
    </ClInclude>
    <ClInclude Include="world\components\camera_component.hpp">
      <Filter>world\components</Filter>
    </ClInclude>
    <ClInclude Include="world\actors\camera_actor.hpp">
      <Filter>world\actors</Filter>
    </ClInclude>
    <ClInclude Include="resources\stb_image.h">
      <Filter>resources</Filter>
    </ClInclude>
  </ItemGroup>
  <ItemGroup>
    <Filter Include="engine">
      <UniqueIdentifier>{e27168b1-9c42-48fd-97c5-e5dd4e7305bc}</UniqueIdentifier>
    </Filter>
    <Filter Include="bundle">
      <UniqueIdentifier>{6226b311-7e8a-409b-bbe0-f41d9ad09471}</UniqueIdentifier>
    </Filter>
    <Filter Include="state">
      <UniqueIdentifier>{04de3668-c600-4f1d-856f-80d6a510882a}</UniqueIdentifier>
    </Filter>
    <Filter Include="world">
      <UniqueIdentifier>{2a35b505-1c90-4de7-9705-98d20c9672d1}</UniqueIdentifier>
    </Filter>
    <Filter Include="world\components">
      <UniqueIdentifier>{d4acd06e-4e1a-47b4-b2a4-d8cee7add7c7}</UniqueIdentifier>
    </Filter>
    <Filter Include="resources">
      <UniqueIdentifier>{b15360a4-c703-48b0-ae43-ce46a48b822a}</UniqueIdentifier>
    </Filter>
    <Filter Include="world\actors">
      <UniqueIdentifier>{000ec2e6-3609-4776-bb22-05bc4b07f08d}</UniqueIdentifier>
    </Filter>
  </ItemGroup>
  <ItemGroup>
    <ClCompile Include="engine\engine.cpp">
      <Filter>engine</Filter>
    </ClCompile>
    <ClCompile Include="module_engine.cpp" />
    <ClCompile Include="state\state.cpp">
      <Filter>state</Filter>
    </ClCompile>
    <ClCompile Include="world\world.cpp">
      <Filter>world</Filter>
    </ClCompile>
    <ClCompile Include="world\actor.cpp">
      <Filter>world</Filter>
    </ClCompile>
    <ClCompile Include="world\level.cpp">
      <Filter>world</Filter>
    </ClCompile>
    <ClCompile Include="world\level_test.cpp">
      <Filter>world</Filter>
    </ClCompile>
    <ClCompile Include="world\components\transform.cpp">
      <Filter>world\components</Filter>
    </ClCompile>
    <ClCompile Include="world\components\component_base.cpp">
      <Filter>world\components</Filter>
    </ClCompile>
    <ClCompile Include="world\components\camera_component.cpp">
      <Filter>world\components</Filter>
    </ClCompile>
    <ClCompile Include="world\actors\camera_actor.cpp">
      <Filter>world\actors</Filter>
    </ClCompile>
    <ClCompile Include="resources\resource_manager.cpp">
      <Filter>resources</Filter>
    </ClCompile>
  </ItemGroup>
</Project>