<?xml version="1.0" encoding="utf-8"?>
<Project ToolsVersion="4.0" xmlns="http://schemas.microsoft.com/developer/msbuild/2003">
  <ItemGroup>
    <ClCompile Include="entry_point.cpp" />
    <ClCompile Include="Renderer.cpp" />
    <ClCompile Include="Classes\Shader\Program.cpp">
      <Filter>Classes\Shader</Filter>
    </ClCompile>
    <ClCompile Include="Classes\Shader\Shader.cpp">
      <Filter>Classes\Shader</Filter>
    </ClCompile>
    <ClCompile Include="Classes\Model\Model.cpp">
      <Filter>Classes\Model</Filter>
    </ClCompile>
    <ClCompile Include="Classes\Texture\Texture.cpp">
      <Filter>Classes\Texture</Filter>
    </ClCompile>
  </ItemGroup>
  <ItemGroup>
    <ClInclude Include="pch.hpp" />
    <ClInclude Include="Renderer.hpp" />
    <ClInclude Include="Classes\Shader\Program.hpp">
      <Filter>Classes\Shader</Filter>
    </ClInclude>
    <ClInclude Include="Classes\Shader\Shader.hpp">
      <Filter>Classes\Shader</Filter>
    </ClInclude>
    <ClInclude Include="Classes\Model\Model.hpp">
      <Filter>Classes\Model</Filter>
    </ClInclude>
    <ClInclude Include="Classes\Texture\Texture.hpp">
      <Filter>Classes\Texture</Filter>
    </ClInclude>
  </ItemGroup>
  <ItemGroup>
    <Filter Include="Classes">
      <UniqueIdentifier>{20ee55f1-26b4-4533-adef-f8520e7771c6}</UniqueIdentifier>
    </Filter>
    <Filter Include="Classes\Shader">
      <UniqueIdentifier>{3c45aa04-a5c0-4fab-a17f-0e2c8cfa948f}</UniqueIdentifier>
    </Filter>
    <Filter Include="Classes\Model">
      <UniqueIdentifier>{455dcadf-f5ea-446e-97b3-943254dd6e72}</UniqueIdentifier>
    </Filter>
    <Filter Include="Classes\Texture">
      <UniqueIdentifier>{c5aeb264-cea4-43cb-916b-631ce029c419}</UniqueIdentifier>
    </Filter>
  </ItemGroup>
</Project>