<?xml version="1.0" encoding="utf-8"?>
<Project ToolsVersion="4.0" xmlns="http://schemas.microsoft.com/developer/msbuild/2003">
  <ItemGroup>
    <ClCompile Include="renderer_gl.cpp" />
    <ClCompile Include="entry_point.cpp" />
    <ClCompile Include="classes\shader\shader.cpp">
      <Filter>classes\shader</Filter>
    </ClCompile>
    <ClCompile Include="classes\vertex\vertex.cpp">
      <Filter>classes\vertex</Filter>
    </ClCompile>
  </ItemGroup>
  <ItemGroup>
    <ClInclude Include="renderer_gl.hpp" />
    <ClInclude Include="pch.hpp" />
    <ClInclude Include="classes\shader\shader.hpp">
      <Filter>classes\shader</Filter>
    </ClInclude>
    <ClInclude Include="classes\vertex\vertex.hpp">
      <Filter>classes\vertex</Filter>
    </ClInclude>
  </ItemGroup>
  <ItemGroup>
    <Filter Include="classes">
      <UniqueIdentifier>{6253e460-3210-4327-91c1-68281b440315}</UniqueIdentifier>
    </Filter>
    <Filter Include="classes\shader">
      <UniqueIdentifier>{537cac8e-e903-4bb7-be4b-d4eefa772ebd}</UniqueIdentifier>
    </Filter>
    <Filter Include="classes\vertex">
      <UniqueIdentifier>{2e4e675c-0e57-4a98-8c81-f9d592028f0f}</UniqueIdentifier>
    </Filter>
  </ItemGroup>
</Project>